lockfileVersion: '9.0'

settings:
  autoInstallPeers: true
  excludeLinksFromLockfile: false

catalogs:
  default:
    '@rsbuild/core':
      specifier: ^1.0.0
      version: 1.7.5
    '@rslib/core':
      specifier: ^0.21.0
      version: 0.21.5
    '@rstest/core':
      specifier: ^0.10.0
      version: 0.10.2
    '@types/node':
      specifier: ^22.0.0
      version: 22.19.19
    esbuild-wasm:
      specifier: ^0.24.2
      version: 0.24.2
    happy-dom:
      specifier: ^20.9.0
      version: 20.9.0
    playwright:
      specifier: ^1.60.0
      version: 1.60.0
    signal-polyfill:
      specifier: ^0.2.2
      version: 0.2.2
    typescript:
      specifier: ^6.0.3
      version: 6.0.3

importers:

  .:
    devDependencies:
      playwright:
        specifier: 'catalog:'
        version: 1.60.0
      typescript:
        specifier: 'catalog:'
        version: 6.0.3

  components/rikka-live-playground:
    dependencies:
      '@rikka/dom':
        specifier: workspace:*
        version: link:../../utils/rikka-dom
      '@rikka/elements':
        specifier: workspace:*
        version: link:../../utils/rikka-elements
      '@rikka/signal':
        specifier: workspace:*
        version: link:../../utils/rikka-signal
      esbuild-wasm:
        specifier: 'catalog:'
        version: 0.24.2
    devDependencies:
      '@rslib/core':
        specifier: 'catalog:'
        version: 0.21.5(core-js@3.47.0)(typescript@6.0.3)
      '@rstest/core':
        specifier: 'catalog:'
        version: 0.10.2(core-js@3.47.0)(happy-dom@20.9.0)
      happy-dom:
        specifier: 'catalog:'
        version: 20.9.0
      typescript:
        specifier: 'catalog:'
        version: 6.0.3

  docs/rikka-demo:
    dependencies:
      '@rikka/dom':
        specifier: workspace:*
        version: link:../../utils/rikka-dom
      '@rikka/elements':
        specifier: workspace:*
        version: link:../../utils/rikka-elements
      '@rikka/live-playground':
        specifier: workspace:*
        version: link:../../components/rikka-live-playground
      '@rikka/signal':
        specifier: workspace:*
        version: link:../../utils/rikka-signal
    devDependencies:
      '@rsbuild/core':
        specifier: 'catalog:'
        version: 1.7.5
      '@types/node':
        specifier: 'catalog:'
        version: 22.19.19
      typescript:
        specifier: 'catalog:'
        version: 6.0.3

  utils/rikka-dom:
    dependencies:
      '@rikka/signal':
        specifier: workspace:*
        version: link:../rikka-signal
    devDependencies:
      '@rslib/core':
        specifier: 'catalog:'
        version: 0.21.5(core-js@3.47.0)(typescript@6.0.3)
      '@rstest/core':
        specifier: 'catalog:'
        version: 0.10.2(core-js@3.47.0)(happy-dom@20.9.0)
      happy-dom:
        specifier: 'catalog:'
        version: 20.9.0
      typescript:
        specifier: 'catalog:'
        version: 6.0.3

  utils/rikka-elements:
    dependencies:
      '@rikka/dom':
        specifier: workspace:*
        version: link:../rikka-dom
      '@rikka/signal':
        specifier: workspace:*
        version: link:../rikka-signal
    devDependencies:
      '@rslib/core':
        specifier: 'catalog:'
        version: 0.21.5(core-js@3.47.0)(typescript@6.0.3)
      '@rstest/core':
        specifier: 'catalog:'
        version: 0.10.2(core-js@3.47.0)(happy-dom@20.9.0)
      happy-dom:
        specifier: 'catalog:'
        version: 20.9.0
      typescript:
        specifier: 'catalog:'
        version: 6.0.3

  utils/rikka-signal:
    dependencies:
      signal-polyfill:
        specifier: 'catalog:'
        version: 0.2.2
    devDependencies:
      '@rslib/core':
        specifier: 'catalog:'
        version: 0.21.5(core-js@3.47.0)(typescript@6.0.3)
      '@rstest/core':
        specifier: 'catalog:'
        version: 0.10.2(core-js@3.47.0)(happy-dom@20.9.0)
      happy-dom:
        specifier: 'catalog:'
        version: 20.9.0
      typescript:
        specifier: 'catalog:'
        version: 6.0.3

packages:

  '@ast-grep/napi-darwin-arm64@0.37.0':
    resolution: {integrity: sha512-QAiIiaAbLvMEg/yBbyKn+p1gX2/FuaC0SMf7D7capm/oG4xGMzdeaQIcSosF4TCxxV+hIH4Bz9e4/u7w6Bnk3Q==}
    engines: {node: '>= 10'}
    cpu: [arm64]
    os: [darwin]

  '@ast-grep/napi-darwin-x64@0.37.0':
    resolution: {integrity: sha512-zvcvdgekd4ySV3zUbUp8HF5nk5zqwiMXTuVzTUdl/w08O7JjM6XPOIVT+d2o/MqwM9rsXdzdergY5oY2RdhSPA==}
    engines: {node: '>= 10'}
    cpu: [x64]
    os: [darwin]

  '@ast-grep/napi-linux-arm64-gnu@0.37.0':
    resolution: {integrity: sha512-L7Sj0lXy8X+BqSMgr1LB8cCoWk0rericdeu+dC8/c8zpsav5Oo2IQKY1PmiZ7H8IHoFBbURLf8iklY9wsD+cyA==}
    engines: {node: '>= 10'}
    cpu: [arm64]
    os: [linux]
    libc: [glibc]

  '@ast-grep/napi-linux-arm64-musl@0.37.0':
    resolution: {integrity: sha512-LF9sAvYy6es/OdyJDO3RwkX3I82Vkfsng1sqUBcoWC1jVb1wX5YVzHtpQox9JrEhGl+bNp7FYxB4Qba9OdA5GA==}
    engines: {node: '>= 10'}
    cpu: [arm64]
    os: [linux]
    libc: [musl]

  '@ast-grep/napi-linux-x64-gnu@0.37.0':
    resolution: {integrity: sha512-TViz5/klqre6aSmJzswEIjApnGjJzstG/SE8VDWsrftMBMYt2PTu3MeluZVwzSqDao8doT/P+6U11dU05UOgxw==}
    engines: {node: '>= 10'}
    cpu: [x64]
    os: [linux]
    libc: [glibc]

  '@ast-grep/napi-linux-x64-musl@0.37.0':
    resolution: {integrity: sha512-/BcCH33S9E3ovOAEoxYngUNXgb+JLg991sdyiNP2bSoYd30a9RHrG7CYwW6fMgua3ijQ474eV6cq9yZO1bCpXg==}
    engines: {node: '>= 10'}
    cpu: [x64]
    os: [linux]
    libc: [musl]

  '@ast-grep/napi-win32-arm64-msvc@0.37.0':
    resolution: {integrity: sha512-TjQA4cFoIEW2bgjLkaL9yqT4XWuuLa5MCNd0VCDhGRDMNQ9+rhwi9eLOWRaap3xzT7g+nlbcEHL3AkVCD2+b3A==}
    engines: {node: '>= 10'}
    cpu: [arm64]
    os: [win32]

  '@ast-grep/napi-win32-ia32-msvc@0.37.0':
    resolution: {integrity: sha512-uNmVka8fJCdYsyOlF9aZqQMLTatEYBynjChVTzUfFMDfmZ0bihs/YTqJVbkSm8TZM7CUX82apvn50z/dX5iWRA==}
    engines: {node: '>= 10'}
    cpu: [ia32]
    os: [win32]

  '@ast-grep/napi-win32-x64-msvc@0.37.0':
    resolution: {integrity: sha512-vCiFOT3hSCQuHHfZ933GAwnPzmL0G04JxQEsBRfqONywyT8bSdDc/ECpAfr3S9VcS4JZ9/F6tkePKW/Om2Dq2g==}
    engines: {node: '>= 10'}
    cpu: [x64]
    os: [win32]

  '@ast-grep/napi@0.37.0':
    resolution: {integrity: sha512-Hb4o6h1Pf6yRUAX07DR4JVY7dmQw+RVQMW5/m55GoiAT/VRoKCWBtIUPPOnqDVhbx1Cjfil9b6EDrgJsUAujEQ==}
    engines: {node: '>= 10'}

  '@emnapi/core@1.10.0':
    resolution: {integrity: sha512-yq6OkJ4p82CAfPl0u9mQebQHKPJkY7WrIuk205cTYnYe+k2Z8YBh11FrbRG/H6ihirqcacOgl2BIO8oyMQLeXw==}

  '@emnapi/runtime@1.10.0':
    resolution: {integrity: sha512-ewvYlk86xUoGI0zQRNq/mC+16R1QeDlKQy21Ki3oSYXNgLb45GV1P6A0M+/s6nyCuNDqe5VpaY84BzXGwVbwFA==}

  '@emnapi/wasi-threads@1.2.1':
    resolution: {integrity: sha512-uTII7OYF+/Mes/MrcIOYp5yOtSMLBWSIoLPpcgwipoiKbli6k322tcoFsxoIIxPDqW01SQGAgko4EzZi2BNv2w==}

  '@module-federation/error-codes@0.22.0':
    resolution: {integrity: sha512-xF9SjnEy7vTdx+xekjPCV5cIHOGCkdn3pIxo9vU7gEZMIw0SvAEdsy6Uh17xaCpm8V0FWvR0SZoK9Ik6jGOaug==}

  '@module-federation/runtime-core@0.22.0':
    resolution: {integrity: sha512-GR1TcD6/s7zqItfhC87zAp30PqzvceoeDGYTgF3Vx2TXvsfDrhP6Qw9T4vudDQL3uJRne6t7CzdT29YyVxlgIA==}

  '@module-federation/runtime-tools@0.22.0':
    resolution: {integrity: sha512-4ScUJ/aUfEernb+4PbLdhM/c60VHl698Gn1gY21m9vyC1Ucn69fPCA1y2EwcCB7IItseRMoNhdcWQnzt/OPCNA==}

  '@module-federation/runtime@0.22.0':
    resolution: {integrity: sha512-38g5iPju2tPC3KHMPxRKmy4k4onNp6ypFPS1eKGsNLUkXgHsPMBFqAjDw96iEcjri91BrahG4XcdyKi97xZzlA==}

  '@module-federation/sdk@0.22.0':
    resolution: {integrity: sha512-x4aFNBKn2KVQRuNVC5A7SnrSCSqyfIWmm1DvubjbO9iKFe7ith5niw8dqSFBekYBg2Fwy+eMg4sEFNVvCAdo6g==}

  '@module-federation/webpack-bundler-runtime@0.22.0':
    resolution: {integrity: sha512-aM8gCqXu+/4wBmJtVeMeeMN5guw3chf+2i6HajKtQv7SJfxV/f4IyNQJUeUQu9HfiAZHjqtMV5Lvq/Lvh8LdyA==}

  '@napi-rs/wasm-runtime@1.0.7':
    resolution: {integrity: sha512-SeDnOO0Tk7Okiq6DbXmmBODgOAb9dp9gjlphokTUxmt8U3liIP1ZsozBahH69j/RJv+Rfs6IwUKHTgQYJ/HBAw==}

  '@napi-rs/wasm-runtime@1.1.4':
    resolution: {integrity: sha512-3NQNNgA1YSlJb/kMH1ildASP9HW7/7kYnRI2szWJaofaS1hWmbGI4H+d3+22aGzXXN9IJ+n+GiFVcGipJP18ow==}
    peerDependencies:
      '@emnapi/core': ^1.7.1
      '@emnapi/runtime': ^1.7.1

  '@rsbuild/core@1.7.5':
    resolution: {integrity: sha512-i37urpoV4y9NSsGiUOuLdoI42KJ5h4gAZ8EG8Ilmsond3bxoAoOCu7YvC+1pJ7p+r16suVPW8cki891ZKHOoXQ==}
    engines: {node: '>=18.12.0'}
    hasBin: true

  '@rsbuild/core@2.0.7':
    resolution: {integrity: sha512-LsBONEzsjzOAqO72ot39eI7g53zSfF9QuDXTu4ks8IUX+EZsxRSniQfc+1zVA6a6y3b9KUUtG96avoMLKbWklQ==}
    engines: {node: ^20.19.0 || >=22.12.0}
    hasBin: true
    peerDependencies:
      core-js: '>= 3.0.0'
    peerDependenciesMeta:
      core-js:
        optional: true

  '@rslib/core@0.21.5':
    resolution: {integrity: sha512-KPWR8gcodSIw8txfJ+KbgF5NoL7CxX0AljHiJk1VWDiClrN94jYmF5iGCFgaDraOBV9jJhpIIwPOfu09ild8eA==}
    engines: {node: ^20.19.0 || >=22.12.0}
    hasBin: true
    peerDependencies:
      '@microsoft/api-extractor': ^7
      typescript: ^5 || ^6
    peerDependenciesMeta:
      '@microsoft/api-extractor':
        optional: true
      typescript:
        optional: true

  '@rspack/binding-darwin-arm64@1.7.11':
    resolution: {integrity: sha512-oduECiZVqbO5zlVw+q7Vy65sJFth99fWPTyucwvLJJtJkPL5n17Uiql2cYP6Ijn0pkqtf1SXgK8WjiKLG5bIig==}
    cpu: [arm64]
    os: [darwin]

  '@rspack/binding-darwin-arm64@2.0.4':
    resolution: {integrity: sha512-0Q1QXFEsZfDc4opiDnb8q50KlBbC2VovViDaYlMJZBzvjAo325mh3itXPfz7YZ31M+TxRE7TUiJXH3ltiV1Hdg==}
    cpu: [arm64]
    os: [darwin]

  '@rspack/binding-darwin-x64@1.7.11':
    resolution: {integrity: sha512-a1+TtTE9ap6RalgFi7FGIgkJP6O4Vy6ctv+9WGJy53E4kuqHR0RygzaiVxCI/GMc/vBT9vY23hyrpWb3d1vtXA==}
    cpu: [x64]
    os: [darwin]

  '@rspack/binding-darwin-x64@2.0.4':
    resolution: {integrity: sha512-oO5J2QYf7+H+aYRj85EiGrDOoDEE9EDDl7NgXv46iWvIF0wXowEHXqnjMFxHxRq2Vf6scT+0yYQX9blWcvMWAA==}
    cpu: [x64]
    os: [darwin]

  '@rspack/binding-linux-arm64-gnu@1.7.11':
    resolution: {integrity: sha512-P0QrGRPbTWu6RKWfN0bDtbnEps3rXH0MWIMreZABoUrVmNQKtXR6e73J3ub6a+di5s2+K0M2LJ9Bh2/H4UsDUA==}
    cpu: [arm64]
    os: [linux]
    libc: [glibc]

  '@rspack/binding-linux-arm64-gnu@2.0.4':
    resolution: {integrity: sha512-BEk6mIYBK4BihW9qXXITJORrVXecTlkRjrqhgefili4xjXtLdcUnxAm9sN/2oJ8m378n2h33qDh4gr2orPBFWQ==}
    cpu: [arm64]
    os: [linux]
    libc: [glibc]

  '@rspack/binding-linux-arm64-musl@1.7.11':
    resolution: {integrity: sha512-6ky7R43VMjWwmx3Yx7Jl7faLBBMAgMDt+/bN35RgwjiPgsIByz65EwytUVuW9rikB43BGHvA/eqlnjLrUzNBqw==}
    cpu: [arm64]
    os: [linux]
    libc: [musl]

  '@rspack/binding-linux-arm64-musl@2.0.4':
    resolution: {integrity: sha512-Hyt3z1RwNcSMIoaoWLN4Hb/696/O5JPukf8rXQASvf2UkC+X3ij7tr+8lMSYi3Zysi1QL375CnT4fNoABEW0JA==}
    cpu: [arm64]
    os: [linux]
    libc: [musl]

  '@rspack/binding-linux-x64-gnu@1.7.11':
    resolution: {integrity: sha512-cuOJMfCOvb2Wgsry5enXJ3iT1FGUjdPqtGUBVupQlEG4ntSYsQ2PtF4wIDVasR3wdxC5nQbipOrDiN/u6fYsdQ==}
    cpu: [x64]
    os: [linux]
    libc: [glibc]

  '@rspack/binding-linux-x64-gnu@2.0.4':
    resolution: {integrity: sha512-xHorBPBZAg0Pn9Q0k9dWZ9euowieDxcSOzQ9JhTCmhDY6wZH5M/kCBFlCs/OQeW5/NUArW3x3MwEdO/0QJHMxg==}
    cpu: [x64]
    os: [linux]
    libc: [glibc]

  '@rspack/binding-linux-x64-musl@1.7.11':
    resolution: {integrity: sha512-CoK37hva4AmHGh3VCsQXmGr40L36m1/AdnN5LEjUX6kx5rEH7/1nEBN6Ii72pejqDVvk9anEROmPDiPw10tpFg==}
    cpu: [x64]
    os: [linux]
    libc: [musl]

  '@rspack/binding-linux-x64-musl@2.0.4':
    resolution: {integrity: sha512-QLxEGUXofF0kVNU12Y2NT3Qi9lGs+WbnYpapVeb+2IXtrAXJfU7Rhy7lAp5GLMzYMQNrKKL9SVnTWKbODbNW9Q==}
    cpu: [x64]
    os: [linux]
    libc: [musl]

  '@rspack/binding-wasm32-wasi@1.7.11':
    resolution: {integrity: sha512-OtrmnPUVJMxjNa3eDMfHyPdtlLRmmp/aIm0fQHlAOATbZvlGm12q7rhPW5BXTu1yh+1rQ1/uqvz+SzKEZXuJaQ==}
    cpu: [wasm32]

  '@rspack/binding-wasm32-wasi@2.0.4':
    resolution: {integrity: sha512-YhN8HkiH46ONU9tm5dyoXDImDWGpU7E4SPqGI4OyAVF0445uIChurIUmTIOYcD6cg81GGeIjozWJOcb635Dcqw==}
    cpu: [wasm32]

  '@rspack/binding-win32-arm64-msvc@1.7.11':
    resolution: {integrity: sha512-lObFW6e5lCWNgTBNwT//yiEDbsxm9QG4BYUojqeXxothuzJ/L6ibXz6+gLMvbOvLGV3nKgkXmx8GvT9WDKR0mA==}
    cpu: [arm64]
    os: [win32]

  '@rspack/binding-win32-arm64-msvc@2.0.4':
    resolution: {integrity: sha512-MUlYIz82xQRN0aoiXXyEBrNVUwiOSSFRi7nuCgUKduaSdlbPWzCY31IdtOygZ06LVp5JIGUEtyqSrjQq4FrMRw==}
    cpu: [arm64]
    os: [win32]

  '@rspack/binding-win32-ia32-msvc@1.7.11':
    resolution: {integrity: sha512-0pYGnZd8PPqNR68zQ8skamqNAXEA1sUfXuAdYcknIIRq2wsbiwFzIc0Pov1cIfHYab37G7sSIPBiOUdOWF5Ivw==}
    cpu: [ia32]
    os: [win32]

  '@rspack/binding-win32-ia32-msvc@2.0.4':
    resolution: {integrity: sha512-D7UcIFMzlY2yhhyuW4Ej15gBWmTwUM5DxuObl3Kv31qRv/pmV3MsqUeG5m2dqLbUxzqPH87qnp0cArbkJQ1b+w==}
    cpu: [ia32]
    os: [win32]

  '@rspack/binding-win32-x64-msvc@1.7.11':
    resolution: {integrity: sha512-EeQXayoQk/uBkI3pdoXfQBXNIUrADq56L3s/DFyM2pJeUDrWmhfIw2UFIGkYPTMSCo8F2JcdcGM32FGJrSnU0Q==}
    cpu: [x64]
    os: [win32]

  '@rspack/binding-win32-x64-msvc@2.0.4':
    resolution: {integrity: sha512-MnYKPfdrAEbtpKg/1SZ6cNtzreIRyQJK4APbxLLPXENdTH5QXQkaTjLMKEeJcJ51FRhI/+yNpOUm2oTHdCQ1Og==}
    cpu: [x64]
    os: [win32]

  '@rspack/binding@1.7.11':
    resolution: {integrity: sha512-2MGdy2s2HimsDT444Bp5XnALzNRxuBNc7y0JzyuqKbHBywd4x2NeXyhWXXoxufaCFu5PBc9Qq9jyfjW2Aeh06Q==}

  '@rspack/binding@2.0.4':
    resolution: {integrity: sha512-/QeJDPUw/lWkBJESG264KA9u6/rAjvoJhKncU4rkTi5Ap45kue5HTgOzr0ufxKdd2Xl72fjFBuqlKmtFDD5LiQ==}

  '@rspack/core@1.7.11':
    resolution: {integrity: sha512-rsD9b+Khmot5DwCMiB3cqTQo53ioPG3M/A7BySu8+0+RS7GCxKm+Z+mtsjtG/vsu4Tn2tcqCdZtA3pgLoJB+ew==}
    engines: {node: '>=18.12.0'}
    peerDependencies:
      '@swc/helpers': '>=0.5.1'
    peerDependenciesMeta:
      '@swc/helpers':
        optional: true

  '@rspack/core@2.0.4':
    resolution: {integrity: sha512-OuxdQeeKWQpNvFBRDOcnoSaQvp6E4APM/6JJMM/k0p6oL1TEFQVGdNu3VGY4mRAsebnNBXapMVMhj+v66Bn2pg==}
    engines: {node: ^20.19.0 || >=22.12.0}
    peerDependencies:
      '@module-federation/runtime-tools': ^0.24.1 || ^2.0.0
      '@swc/helpers': '>=0.5.1'
    peerDependenciesMeta:
      '@module-federation/runtime-tools':
        optional: true
      '@swc/helpers':
        optional: true

  '@rspack/lite-tapable@1.1.0':
    resolution: {integrity: sha512-E2B0JhYFmVAwdDiG14+DW0Di4Ze4Jg10Pc4/lILUrd5DRCaklduz2OvJ5HYQ6G+hd+WTzqQb3QnDNfK4yvAFYw==}

  '@rstest/core@0.10.2':
    resolution: {integrity: sha512-2nadZIrCBJL8AicSLcU0O0G2wo98QXmlsy3yX4ShiLFDlfQAzPgZJYzR6ssqQhVCMx/dIIFifyNiYsGWWWsrXg==}
    engines: {node: ^20.19.0 || >=22.12.0}
    hasBin: true
    peerDependencies:
      happy-dom: ^20.8.3
      jsdom: '*'
    peerDependenciesMeta:
      happy-dom:
        optional: true
      jsdom:
        optional: true

  '@swc/helpers@0.5.22':
    resolution: {integrity: sha512-/e2Ly3Docn9kYByap6TV4oquJ3wQuz3c+kC74riqtkwU9CwTMeuj6t2rW+bRr4pyOx/CYQM4wr0RgaKQwGEz0A==}

  '@tybys/wasm-util@0.10.2':
    resolution: {integrity: sha512-RoBvJ2X0wuKlWFIjrwffGw1IqZHKQqzIchKaadZZfnNpsAYp2mM0h36JtPCjNDAHGgYez/15uMBpfGwchhiMgg==}

  '@types/chai@5.2.3':
    resolution: {integrity: sha512-Mw558oeA9fFbv65/y4mHtXDs9bPnFMZAL/jxdPFUpOHHIXX91mcgEHbS5Lahr+pwZFR8A7GQleRWeI6cGFC2UA==}

  '@types/deep-eql@4.0.2':
    resolution: {integrity: sha512-c9h9dVVMigMPc4bwTvC5dxqtqJZwQPePsWjPlpSOnojbor6pGqdk541lfA7AqFQr5pB1BRdq0juY9db81BwyFw==}

  '@types/node@22.19.19':
    resolution: {integrity: sha512-dyh/xO2Fh5bYrfWaaqGrRQQGkNdmYw6AmaAUvYeUMNTWQtvb796ikLdmTchRmOlOiIJ1TDXfWgVx1QkUlQ6Hew==}

  '@types/node@25.9.1':
    resolution: {integrity: sha512-xfrlY7UD5rMJk3ZVJP8BNzS28J36YJg+xp+LPXV1TdWxr8uMH5A860QNxYDGQe/ylDSgjxE52Q9VnO7p75tJxg==}

  '@types/whatwg-mimetype@3.0.2':
    resolution: {integrity: sha512-c2AKvDT8ToxLIOUlN51gTiHXflsfIFisS4pO7pDPoKouJCESkhZnEy623gwP9laCy5lnLDAw1vAzu2vM2YLOrA==}

  '@types/ws@8.18.1':
    resolution: {integrity: sha512-ThVF6DCVhA8kUGy+aazFQ4kXQ7E1Ty7A3ypFOe0IcJV8O/M511G99AW24irKrW56Wt44yG9+ij8FaqoBGkuBXg==}

  assertion-error@2.0.1:
    resolution: {integrity: sha512-Izi8RQcffqCeNVgFigKli1ssklIbpHnCYc6AknXGYoB6grJqyeby7jv12JUQgmTAnIDnbck1uxksT4dzN3PWBA==}
    engines: {node: '>=12'}

  core-js@3.47.0:
    resolution: {integrity: sha512-c3Q2VVkGAUyupsjRnaNX6u8Dq2vAdzm9iuPj5FW0fRxzlxgq9Q39MDq10IvmQSpLgHQNyQzQmOo6bgGHmH3NNg==}

  entities@7.0.1:
    resolution: {integrity: sha512-TWrgLOFUQTH994YUyl1yT4uyavY5nNB5muff+RtWaqNVCAK408b5ZnnbNAUEWLTCpum9w6arT70i1XdQ4UeOPA==}
    engines: {node: '>=0.12'}

  esbuild-wasm@0.24.2:
    resolution: {integrity: sha512-03/7Z1gD+ohDnScFztvI4XddTAbKVmMEzCvvkBpQdWKEXJ+73dTyeNrmdxP1Q0zpDMFjzUJwtK4rLjqwiHbzkw==}
    engines: {node: '>=18'}
    hasBin: true

  fsevents@2.3.2:
    resolution: {integrity: sha512-xiqMQR4xAeHTuB9uWm+fFRcIOgKBMiOBP+eXiyT7jsgVCq1bkVygt00oASowB7EdtpOHaaPgKt812P9ab+DDKA==}
    engines: {node: ^8.16.0 || ^10.6.0 || >=11.0.0}
    os: [darwin]

  happy-dom@20.9.0:
    resolution: {integrity: sha512-GZZ9mKe8r646NUAf/zemnGbjYh4Bt8/MqASJY+pSm5ZDtc3YQox+4gsLI7yi1hba6o+eCsGxpHn5+iEVn31/FQ==}
    engines: {node: '>=20.0.0'}

  jiti@2.7.0:
    resolution: {integrity: sha512-AC/7JofJvZGrrneWNaEnJeOLUx+JlGt7tNa0wZiRPT4MY1wmfKjt2+6O2p2uz2+skll8OZZmJMNqeke7kKbNgQ==}
    hasBin: true

  playwright-core@1.60.0:
    resolution: {integrity: sha512-9bW6zvX/m0lEbgTKJ6YppOKx8H3VOPBMOCFh2irXFOT4BbHgrx5hPjwJYLT40Lu+4qtD36qKc/Hn56StUW57IA==}
    engines: {node: '>=18'}
    hasBin: true

  playwright@1.60.0:
    resolution: {integrity: sha512-hheHdokM8cdqCb0lcE3s+zT4t4W+vvjpGxsZlDnikarzx8tSzMebh3UiFtgqwFwnTnjYQcsyMF8ei2mCO/tpeA==}
    engines: {node: '>=18'}
    hasBin: true

  rsbuild-plugin-dts@0.21.5:
    resolution: {integrity: sha512-tRSqSCmaY2Ef/FTxcLUw26jQxM/HJHAFqTsqngXnXnfic0BHlSCKzJuwjGoGUYimb3RdH6qnC7jzkXuoe+ZXOA==}
    engines: {node: ^20.19.0 || >=22.12.0}
    peerDependencies:
      '@microsoft/api-extractor': ^7
      '@rsbuild/core': ^1.0.0 || ^2.0.0-0
      '@typescript/native-preview': 7.x
      typescript: ^5 || ^6
    peerDependenciesMeta:
      '@microsoft/api-extractor':
        optional: true
      '@typescript/native-preview':
        optional: true
      typescript:
        optional: true

  signal-polyfill@0.2.2:
    resolution: {integrity: sha512-p63Y4Er5/eMQ9RHg0M0Y64NlsQKpiu6MDdhBXpyywRuWiPywhJTpKJ1iB5K2hJEbFZ0BnDS7ZkJ+0AfTuL37Rg==}

  tslib@2.8.1:
    resolution: {integrity: sha512-oJFu94HQb+KVduSUQL7wnpmqnfmLsOA/nAh6b6EH0wCEoK0/mPeXU6c3wKDV83MkOuHPRHtSXKKU99IBazS/2w==}

  typescript@6.0.3:
    resolution: {integrity: sha512-y2TvuxSZPDyQakkFRPZHKFm+KKVqIisdg9/CZwm9ftvKXLP8NRWj38/ODjNbr43SsoXqNuAisEf1GdCxqWcdBw==}
    engines: {node: '>=14.17'}
    hasBin: true

  undici-types@6.21.0:
    resolution: {integrity: sha512-iwDZqg0QAGrg9Rav5H4n0M64c3mkR59cJ6wQp+7C4nI0gsmExaedaYLNO44eT4AtBBwjbTiGPMlt2Md0T9H9JQ==}

  undici-types@7.24.6:
    resolution: {integrity: sha512-WRNW+sJgj5OBN4/0JpHFqtqzhpbnV0GuB+OozA9gCL7a993SmU+1JBZCzLNxYsbMfIeDL+lTsphD5jN5N+n0zg==}

  whatwg-mimetype@3.0.0:
    resolution: {integrity: sha512-nt+N2dzIutVRxARx1nghPKGv1xHikU7HKdfafKkLNLindmPU/ch3U31NOCGGA/dmPcmb1VlofO0vnKAcsm0o/Q==}
    engines: {node: '>=12'}

  ws@8.21.0:
    resolution: {integrity: sha512-Vsp28b7DRcimFQvrqu2Wek3z1iYxDCWqHYB8Qsnk/S4RfaCQzPGPyBNuVjJV3cd6UiKtUtp6sNM77gWvzcCH+g==}
    engines: {node: '>=10.0.0'}
    peerDependencies:
      bufferutil: ^4.0.1
      utf-8-validate: '>=5.0.2'
    peerDependenciesMeta:
      bufferutil:
        optional: true
      utf-8-validate:
        optional: true

snapshots:

  '@ast-grep/napi-darwin-arm64@0.37.0':
    optional: true

  '@ast-grep/napi-darwin-x64@0.37.0':
    optional: true

  '@ast-grep/napi-linux-arm64-gnu@0.37.0':
    optional: true

  '@ast-grep/napi-linux-arm64-musl@0.37.0':
    optional: true

  '@ast-grep/napi-linux-x64-gnu@0.37.0':
    optional: true

  '@ast-grep/napi-linux-x64-musl@0.37.0':
    optional: true

  '@ast-grep/napi-win32-arm64-msvc@0.37.0':
    optional: true

  '@ast-grep/napi-win32-ia32-msvc@0.37.0':
    optional: true

  '@ast-grep/napi-win32-x64-msvc@0.37.0':
    optional: true

  '@ast-grep/napi@0.37.0':
    optionalDependencies:
      '@ast-grep/napi-darwin-arm64': 0.37.0
      '@ast-grep/napi-darwin-x64': 0.37.0
      '@ast-grep/napi-linux-arm64-gnu': 0.37.0
      '@ast-grep/napi-linux-arm64-musl': 0.37.0
      '@ast-grep/napi-linux-x64-gnu': 0.37.0
      '@ast-grep/napi-linux-x64-musl': 0.37.0
      '@ast-grep/napi-win32-arm64-msvc': 0.37.0
      '@ast-grep/napi-win32-ia32-msvc': 0.37.0
      '@ast-grep/napi-win32-x64-msvc': 0.37.0

  '@emnapi/core@1.10.0':
    dependencies:
      '@emnapi/wasi-threads': 1.2.1
      tslib: 2.8.1
    optional: true

  '@emnapi/runtime@1.10.0':
    dependencies:
      tslib: 2.8.1
    optional: true

  '@emnapi/wasi-threads@1.2.1':
    dependencies:
      tslib: 2.8.1
    optional: true

  '@module-federation/error-codes@0.22.0': {}

  '@module-federation/runtime-core@0.22.0':
    dependencies:
      '@module-federation/error-codes': 0.22.0
      '@module-federation/sdk': 0.22.0

  '@module-federation/runtime-tools@0.22.0':
    dependencies:
      '@module-federation/runtime': 0.22.0
      '@module-federation/webpack-bundler-runtime': 0.22.0

  '@module-federation/runtime@0.22.0':
    dependencies:
      '@module-federation/error-codes': 0.22.0
      '@module-federation/runtime-core': 0.22.0
      '@module-federation/sdk': 0.22.0

  '@module-federation/sdk@0.22.0': {}

  '@module-federation/webpack-bundler-runtime@0.22.0':
    dependencies:
      '@module-federation/runtime': 0.22.0
      '@module-federation/sdk': 0.22.0

  '@napi-rs/wasm-runtime@1.0.7':
    dependencies:
      '@emnapi/core': 1.10.0
      '@emnapi/runtime': 1.10.0
      '@tybys/wasm-util': 0.10.2
    optional: true

  '@napi-rs/wasm-runtime@1.1.4(@emnapi/core@1.10.0)(@emnapi/runtime@1.10.0)':
    dependencies:
      '@emnapi/core': 1.10.0
      '@emnapi/runtime': 1.10.0
      '@tybys/wasm-util': 0.10.2
    optional: true

  '@rsbuild/core@1.7.5':
    dependencies:
      '@rspack/core': 1.7.11(@swc/helpers@0.5.22)
      '@rspack/lite-tapable': 1.1.0
      '@swc/helpers': 0.5.22
      core-js: 3.47.0
      jiti: 2.7.0

  '@rsbuild/core@2.0.7(core-js@3.47.0)':
    dependencies:
      '@rspack/core': 2.0.4(@swc/helpers@0.5.22)
      '@swc/helpers': 0.5.22
    optionalDependencies:
      core-js: 3.47.0
    transitivePeerDependencies:
      - '@module-federation/runtime-tools'

  '@rslib/core@0.21.5(core-js@3.47.0)(typescript@6.0.3)':
    dependencies:
      '@rsbuild/core': 2.0.7(core-js@3.47.0)
      rsbuild-plugin-dts: 0.21.5(@rsbuild/core@2.0.7(core-js@3.47.0))(typescript@6.0.3)
    optionalDependencies:
      typescript: 6.0.3
    transitivePeerDependencies:
      - '@module-federation/runtime-tools'
      - '@typescript/native-preview'
      - core-js

  '@rspack/binding-darwin-arm64@1.7.11':
    optional: true

  '@rspack/binding-darwin-arm64@2.0.4':
    optional: true

  '@rspack/binding-darwin-x64@1.7.11':
    optional: true

  '@rspack/binding-darwin-x64@2.0.4':
    optional: true

  '@rspack/binding-linux-arm64-gnu@1.7.11':
    optional: true

  '@rspack/binding-linux-arm64-gnu@2.0.4':
    optional: true

  '@rspack/binding-linux-arm64-musl@1.7.11':
    optional: true

  '@rspack/binding-linux-arm64-musl@2.0.4':
    optional: true

  '@rspack/binding-linux-x64-gnu@1.7.11':
    optional: true

  '@rspack/binding-linux-x64-gnu@2.0.4':
    optional: true

  '@rspack/binding-linux-x64-musl@1.7.11':
    optional: true

  '@rspack/binding-linux-x64-musl@2.0.4':
    optional: true

  '@rspack/binding-wasm32-wasi@1.7.11':
    dependencies:
      '@napi-rs/wasm-runtime': 1.0.7
    optional: true

  '@rspack/binding-wasm32-wasi@2.0.4':
    dependencies:
      '@emnapi/core': 1.10.0
      '@emnapi/runtime': 1.10.0
      '@napi-rs/wasm-runtime': 1.1.4(@emnapi/core@1.10.0)(@emnapi/runtime@1.10.0)
    optional: true

  '@rspack/binding-win32-arm64-msvc@1.7.11':
    optional: true

  '@rspack/binding-win32-arm64-msvc@2.0.4':
    optional: true

  '@rspack/binding-win32-ia32-msvc@1.7.11':
    optional: true

  '@rspack/binding-win32-ia32-msvc@2.0.4':
    optional: true

  '@rspack/binding-win32-x64-msvc@1.7.11':
    optional: true

  '@rspack/binding-win32-x64-msvc@2.0.4':
    optional: true

  '@rspack/binding@1.7.11':
    optionalDependencies:
      '@rspack/binding-darwin-arm64': 1.7.11
      '@rspack/binding-darwin-x64': 1.7.11
      '@rspack/binding-linux-arm64-gnu': 1.7.11
      '@rspack/binding-linux-arm64-musl': 1.7.11
      '@rspack/binding-linux-x64-gnu': 1.7.11
      '@rspack/binding-linux-x64-musl': 1.7.11
      '@rspack/binding-wasm32-wasi': 1.7.11
      '@rspack/binding-win32-arm64-msvc': 1.7.11
      '@rspack/binding-win32-ia32-msvc': 1.7.11
      '@rspack/binding-win32-x64-msvc': 1.7.11

  '@rspack/binding@2.0.4':
    optionalDependencies:
      '@rspack/binding-darwin-arm64': 2.0.4
      '@rspack/binding-darwin-x64': 2.0.4
      '@rspack/binding-linux-arm64-gnu': 2.0.4
      '@rspack/binding-linux-arm64-musl': 2.0.4
      '@rspack/binding-linux-x64-gnu': 2.0.4
      '@rspack/binding-linux-x64-musl': 2.0.4
      '@rspack/binding-wasm32-wasi': 2.0.4
      '@rspack/binding-win32-arm64-msvc': 2.0.4
      '@rspack/binding-win32-ia32-msvc': 2.0.4
      '@rspack/binding-win32-x64-msvc': 2.0.4

  '@rspack/core@1.7.11(@swc/helpers@0.5.22)':
    dependencies:
      '@module-federation/runtime-tools': 0.22.0
      '@rspack/binding': 1.7.11
      '@rspack/lite-tapable': 1.1.0
    optionalDependencies:
      '@swc/helpers': 0.5.22

  '@rspack/core@2.0.4(@swc/helpers@0.5.22)':
    dependencies:
      '@rspack/binding': 2.0.4
    optionalDependencies:
      '@swc/helpers': 0.5.22

  '@rspack/lite-tapable@1.1.0': {}

  '@rstest/core@0.10.2(core-js@3.47.0)(happy-dom@20.9.0)':
    dependencies:
      '@rsbuild/core': 2.0.7(core-js@3.47.0)
      '@types/chai': 5.2.3
    optionalDependencies:
      happy-dom: 20.9.0
    transitivePeerDependencies:
      - '@module-federation/runtime-tools'
      - core-js

  '@swc/helpers@0.5.22':
    dependencies:
      tslib: 2.8.1

  '@tybys/wasm-util@0.10.2':
    dependencies:
      tslib: 2.8.1
    optional: true

  '@types/chai@5.2.3':
    dependencies:
      '@types/deep-eql': 4.0.2
      assertion-error: 2.0.1

  '@types/deep-eql@4.0.2': {}

  '@types/node@22.19.19':
    dependencies:
      undici-types: 6.21.0

  '@types/node@25.9.1':
    dependencies:
      undici-types: 7.24.6

  '@types/whatwg-mimetype@3.0.2': {}

  '@types/ws@8.18.1':
    dependencies:
      '@types/node': 25.9.1

  assertion-error@2.0.1: {}

  core-js@3.47.0: {}

  entities@7.0.1: {}

  esbuild-wasm@0.24.2: {}

  fsevents@2.3.2:
    optional: true

  happy-dom@20.9.0:
    dependencies:
      '@types/node': 25.9.1
      '@types/whatwg-mimetype': 3.0.2
      '@types/ws': 8.18.1
      entities: 7.0.1
      whatwg-mimetype: 3.0.0
      ws: 8.21.0
    transitivePeerDependencies:
      - bufferutil
      - utf-8-validate

  jiti@2.7.0: {}

  playwright-core@1.60.0: {}

  playwright@1.60.0:
    dependencies:
      playwright-core: 1.60.0
    optionalDependencies:
      fsevents: 2.3.2

  rsbuild-plugin-dts@0.21.5(@rsbuild/core@2.0.7(core-js@3.47.0))(typescript@6.0.3):
    dependencies:
      '@ast-grep/napi': 0.37.0
      '@rsbuild/core': 2.0.7(core-js@3.47.0)
    optionalDependencies:
      typescript: 6.0.3

  signal-polyfill@0.2.2: {}

  tslib@2.8.1: {}

  typescript@6.0.3: {}

  undici-types@6.21.0: {}

  undici-types@7.24.6: {}

  whatwg-mimetype@3.0.0: {}

  ws@8.21.0: {}
