lockfileVersion: '9.0'

settings:
  autoInstallPeers: true
  excludeLinksFromLockfile: false

catalogs:
  default:
    '@rsbuild/core':
      specifier: ^1.0.0
      version: 1.7.5
    '@rslib/core':
      specifier: ^0.21.0
      version: 0.21.5
    '@rstest/core':
      specifier: ^0.10.3
      version: 0.10.3
    '@rstest/coverage-v8':
      specifier: ^0.10.3
      version: 0.10.3
    '@types/node':
      specifier: ^24.0.0
      version: 24.12.4
    esbuild:
      specifier: ^0.25.0
      version: 0.25.12
    esbuild-wasm:
      specifier: ^0.24.2
      version: 0.24.2
    happy-dom:
      specifier: ^20.9.0
      version: 20.9.0
    playwright:
      specifier: ^1.60.0
      version: 1.60.0
    signal-polyfill:
      specifier: ^0.2.2
      version: 0.2.2
    typescript:
      specifier: ^6.0.3
      version: 6.0.3

importers:

  .:
    devDependencies:
      esbuild:
        specifier: 'catalog:'
        version: 0.25.12
      playwright:
        specifier: 'catalog:'
        version: 1.60.0
      typescript:
        specifier: 'catalog:'
        version: 6.0.3

  components/rikka-live-playground:
    dependencies:
      '@rikka/dom':
        specifier: workspace:*
        version: link:../../utils/rikka-dom
      '@rikka/elements':
        specifier: workspace:*
        version: link:../../utils/rikka-elements
      '@rikka/signal':
        specifier: workspace:*
        version: link:../../utils/rikka-signal
      esbuild-wasm:
        specifier: 'catalog:'
        version: 0.24.2
    devDependencies:
      '@rslib/core':
        specifier: 'catalog:'
        version: 0.21.5(core-js@3.47.0)(typescript@6.0.3)
      '@rstest/core':
        specifier: 'catalog:'
        version: 0.10.3(core-js@3.47.0)(happy-dom@20.9.0)
      '@rstest/coverage-v8':
        specifier: 'catalog:'
        version: 0.10.3(@rstest/core@0.10.3(core-js@3.47.0)(happy-dom@20.9.0))
      happy-dom:
        specifier: 'catalog:'
        version: 20.9.0
      typescript:
        specifier: 'catalog:'
        version: 6.0.3

  docs/rikka-homepage:
    dependencies:
      '@rikka/dom':
        specifier: workspace:*
        version: link:../../utils/rikka-dom
      '@rikka/elements':
        specifier: workspace:*
        version: link:../../utils/rikka-elements
      '@rikka/live-playground':
        specifier: workspace:*
        version: link:../../components/rikka-live-playground
      '@rikka/signal':
        specifier: workspace:*
        version: link:../../utils/rikka-signal
    devDependencies:
      '@rsbuild/core':
        specifier: 'catalog:'
        version: 1.7.5
      '@types/node':
        specifier: 'catalog:'
        version: 24.12.4
      esbuild:
        specifier: 'catalog:'
        version: 0.25.12
      typescript:
        specifier: 'catalog:'
        version: 6.0.3

  examples/bookmark-manager:
    dependencies:
      '@rikka/dom':
        specifier: workspace:*
        version: link:../../utils/rikka-dom
      '@rikka/elements':
        specifier: workspace:*
        version: link:../../utils/rikka-elements
      '@rikka/signal':
        specifier: workspace:*
        version: link:../../utils/rikka-signal

  examples/code-editor:
    dependencies:
      '@rikka/dom':
        specifier: workspace:*
        version: link:../../utils/rikka-dom
      '@rikka/elements':
        specifier: workspace:*
        version: link:../../utils/rikka-elements
      '@rikka/signal':
        specifier: workspace:*
        version: link:../../utils/rikka-signal

  examples/finance-tracker:
    dependencies:
      '@rikka/dom':
        specifier: workspace:*
        version: link:../../utils/rikka-dom
      '@rikka/elements':
        specifier: workspace:*
        version: link:../../utils/rikka-elements
      '@rikka/signal':
        specifier: workspace:*
        version: link:../../utils/rikka-signal

  utils/rikka-dom:
    dependencies:
      '@rikka/signal':
        specifier: workspace:*
        version: link:../rikka-signal
    devDependencies:
      '@rslib/core':
        specifier: 'catalog:'
        version: 0.21.5(core-js@3.47.0)(typescript@6.0.3)
      '@rstest/core':
        specifier: 'catalog:'
        version: 0.10.3(core-js@3.47.0)(happy-dom@20.9.0)
      '@rstest/coverage-v8':
        specifier: 'catalog:'
        version: 0.10.3(@rstest/core@0.10.3(core-js@3.47.0)(happy-dom@20.9.0))
      happy-dom:
        specifier: 'catalog:'
        version: 20.9.0
      typescript:
        specifier: 'catalog:'
        version: 6.0.3

  utils/rikka-elements:
    dependencies:
      '@rikka/dom':
        specifier: workspace:*
        version: link:../rikka-dom
      '@rikka/signal':
        specifier: workspace:*
        version: link:../rikka-signal
    devDependencies:
      '@rslib/core':
        specifier: 'catalog:'
        version: 0.21.5(core-js@3.47.0)(typescript@6.0.3)
      '@rstest/core':
        specifier: 'catalog:'
        version: 0.10.3(core-js@3.47.0)(happy-dom@20.9.0)
      '@rstest/coverage-v8':
        specifier: 'catalog:'
        version: 0.10.3(@rstest/core@0.10.3(core-js@3.47.0)(happy-dom@20.9.0))
      happy-dom:
        specifier: 'catalog:'
        version: 20.9.0
      typescript:
        specifier: 'catalog:'
        version: 6.0.3

  utils/rikka-signal:
    dependencies:
      signal-polyfill:
        specifier: 'catalog:'
        version: 0.2.2
    devDependencies:
      '@rslib/core':
        specifier: 'catalog:'
        version: 0.21.5(core-js@3.47.0)(typescript@6.0.3)
      '@rstest/core':
        specifier: 'catalog:'
        version: 0.10.3(core-js@3.47.0)(happy-dom@20.9.0)
      '@rstest/coverage-v8':
        specifier: 'catalog:'
        version: 0.10.3(@rstest/core@0.10.3(core-js@3.47.0)(happy-dom@20.9.0))
      happy-dom:
        specifier: 'catalog:'
        version: 20.9.0
      typescript:
        specifier: 'catalog:'
        version: 6.0.3

packages:

  '@ast-grep/napi-darwin-arm64@0.37.0':
    resolution: {integrity: sha512-QAiIiaAbLvMEg/yBbyKn+p1gX2/FuaC0SMf7D7capm/oG4xGMzdeaQIcSosF4TCxxV+hIH4Bz9e4/u7w6Bnk3Q==}
    engines: {node: '>= 10'}
    cpu: [arm64]
    os: [darwin]

  '@ast-grep/napi-darwin-x64@0.37.0':
    resolution: {integrity: sha512-zvcvdgekd4ySV3zUbUp8HF5nk5zqwiMXTuVzTUdl/w08O7JjM6XPOIVT+d2o/MqwM9rsXdzdergY5oY2RdhSPA==}
    engines: {node: '>= 10'}
    cpu: [x64]
    os: [darwin]

  '@ast-grep/napi-linux-arm64-gnu@0.37.0':
    resolution: {integrity: sha512-L7Sj0lXy8X+BqSMgr1LB8cCoWk0rericdeu+dC8/c8zpsav5Oo2IQKY1PmiZ7H8IHoFBbURLf8iklY9wsD+cyA==}
    engines: {node: '>= 10'}
    cpu: [arm64]
    os: [linux]
    libc: [glibc]

  '@ast-grep/napi-linux-arm64-musl@0.37.0':
    resolution: {integrity: sha512-LF9sAvYy6es/OdyJDO3RwkX3I82Vkfsng1sqUBcoWC1jVb1wX5YVzHtpQox9JrEhGl+bNp7FYxB4Qba9OdA5GA==}
    engines: {node: '>= 10'}
    cpu: [arm64]
    os: [linux]
    libc: [musl]

  '@ast-grep/napi-linux-x64-gnu@0.37.0':
    resolution: {integrity: sha512-TViz5/klqre6aSmJzswEIjApnGjJzstG/SE8VDWsrftMBMYt2PTu3MeluZVwzSqDao8doT/P+6U11dU05UOgxw==}
    engines: {node: '>= 10'}
    cpu: [x64]
    os: [linux]
    libc: [glibc]

  '@ast-grep/napi-linux-x64-musl@0.37.0':
    resolution: {integrity: sha512-/BcCH33S9E3ovOAEoxYngUNXgb+JLg991sdyiNP2bSoYd30a9RHrG7CYwW6fMgua3ijQ474eV6cq9yZO1bCpXg==}
    engines: {node: '>= 10'}
    cpu: [x64]
    os: [linux]
    libc: [musl]

  '@ast-grep/napi-win32-arm64-msvc@0.37.0':
    resolution: {integrity: sha512-TjQA4cFoIEW2bgjLkaL9yqT4XWuuLa5MCNd0VCDhGRDMNQ9+rhwi9eLOWRaap3xzT7g+nlbcEHL3AkVCD2+b3A==}
    engines: {node: '>= 10'}
    cpu: [arm64]
    os: [win32]

  '@ast-grep/napi-win32-ia32-msvc@0.37.0':
    resolution: {integrity: sha512-uNmVka8fJCdYsyOlF9aZqQMLTatEYBynjChVTzUfFMDfmZ0bihs/YTqJVbkSm8TZM7CUX82apvn50z/dX5iWRA==}
    engines: {node: '>= 10'}
    cpu: [ia32]
    os: [win32]

  '@ast-grep/napi-win32-x64-msvc@0.37.0':
    resolution: {integrity: sha512-vCiFOT3hSCQuHHfZ933GAwnPzmL0G04JxQEsBRfqONywyT8bSdDc/ECpAfr3S9VcS4JZ9/F6tkePKW/Om2Dq2g==}
    engines: {node: '>= 10'}
    cpu: [x64]
    os: [win32]

  '@ast-grep/napi@0.37.0':
    resolution: {integrity: sha512-Hb4o6h1Pf6yRUAX07DR4JVY7dmQw+RVQMW5/m55GoiAT/VRoKCWBtIUPPOnqDVhbx1Cjfil9b6EDrgJsUAujEQ==}
    engines: {node: '>= 10'}

  '@emnapi/core@1.10.0':
    resolution: {integrity: sha512-yq6OkJ4p82CAfPl0u9mQebQHKPJkY7WrIuk205cTYnYe+k2Z8YBh11FrbRG/H6ihirqcacOgl2BIO8oyMQLeXw==}

  '@emnapi/runtime@1.10.0':
    resolution: {integrity: sha512-ewvYlk86xUoGI0zQRNq/mC+16R1QeDlKQy21Ki3oSYXNgLb45GV1P6A0M+/s6nyCuNDqe5VpaY84BzXGwVbwFA==}

  '@emnapi/wasi-threads@1.2.1':
    resolution: {integrity: sha512-uTII7OYF+/Mes/MrcIOYp5yOtSMLBWSIoLPpcgwipoiKbli6k322tcoFsxoIIxPDqW01SQGAgko4EzZi2BNv2w==}

  '@esbuild/aix-ppc64@0.25.12':
    resolution: {integrity: sha512-Hhmwd6CInZ3dwpuGTF8fJG6yoWmsToE+vYgD4nytZVxcu1ulHpUQRAB1UJ8+N1Am3Mz4+xOByoQoSZf4D+CpkA==}
    engines: {node: '>=18'}
    cpu: [ppc64]
    os: [aix]

  '@esbuild/android-arm64@0.25.12':
    resolution: {integrity: sha512-6AAmLG7zwD1Z159jCKPvAxZd4y/VTO0VkprYy+3N2FtJ8+BQWFXU+OxARIwA46c5tdD9SsKGZ/1ocqBS/gAKHg==}
    engines: {node: '>=18'}
    cpu: [arm64]
    os: [android]

  '@esbuild/android-arm@0.25.12':
    resolution: {integrity: sha512-VJ+sKvNA/GE7Ccacc9Cha7bpS8nyzVv0jdVgwNDaR4gDMC/2TTRc33Ip8qrNYUcpkOHUT5OZ0bUcNNVZQ9RLlg==}
    engines: {node: '>=18'}
    cpu: [arm]
    os: [android]

  '@esbuild/android-x64@0.25.12':
    resolution: {integrity: sha512-5jbb+2hhDHx5phYR2By8GTWEzn6I9UqR11Kwf22iKbNpYrsmRB18aX/9ivc5cabcUiAT/wM+YIZ6SG9QO6a8kg==}
    engines: {node: '>=18'}
    cpu: [x64]
    os: [android]

  '@esbuild/darwin-arm64@0.25.12':
    resolution: {integrity: sha512-N3zl+lxHCifgIlcMUP5016ESkeQjLj/959RxxNYIthIg+CQHInujFuXeWbWMgnTo4cp5XVHqFPmpyu9J65C1Yg==}
    engines: {node: '>=18'}
    cpu: [arm64]
    os: [darwin]

  '@esbuild/darwin-x64@0.25.12':
    resolution: {integrity: sha512-HQ9ka4Kx21qHXwtlTUVbKJOAnmG1ipXhdWTmNXiPzPfWKpXqASVcWdnf2bnL73wgjNrFXAa3yYvBSd9pzfEIpA==}
    engines: {node: '>=18'}
    cpu: [x64]
    os: [darwin]

  '@esbuild/freebsd-arm64@0.25.12':
    resolution: {integrity: sha512-gA0Bx759+7Jve03K1S0vkOu5Lg/85dou3EseOGUes8flVOGxbhDDh/iZaoek11Y8mtyKPGF3vP8XhnkDEAmzeg==}
    engines: {node: '>=18'}
    cpu: [arm64]
    os: [freebsd]

  '@esbuild/freebsd-x64@0.25.12':
    resolution: {integrity: sha512-TGbO26Yw2xsHzxtbVFGEXBFH0FRAP7gtcPE7P5yP7wGy7cXK2oO7RyOhL5NLiqTlBh47XhmIUXuGciXEqYFfBQ==}
    engines: {node: '>=18'}
    cpu: [x64]
    os: [freebsd]

  '@esbuild/linux-arm64@0.25.12':
    resolution: {integrity: sha512-8bwX7a8FghIgrupcxb4aUmYDLp8pX06rGh5HqDT7bB+8Rdells6mHvrFHHW2JAOPZUbnjUpKTLg6ECyzvas2AQ==}
    engines: {node: '>=18'}
    cpu: [arm64]
    os: [linux]

  '@esbuild/linux-arm@0.25.12':
    resolution: {integrity: sha512-lPDGyC1JPDou8kGcywY0YILzWlhhnRjdof3UlcoqYmS9El818LLfJJc3PXXgZHrHCAKs/Z2SeZtDJr5MrkxtOw==}
    engines: {node: '>=18'}
    cpu: [arm]
    os: [linux]

  '@esbuild/linux-ia32@0.25.12':
    resolution: {integrity: sha512-0y9KrdVnbMM2/vG8KfU0byhUN+EFCny9+8g202gYqSSVMonbsCfLjUO+rCci7pM0WBEtz+oK/PIwHkzxkyharA==}
    engines: {node: '>=18'}
    cpu: [ia32]
    os: [linux]

  '@esbuild/linux-loong64@0.25.12':
    resolution: {integrity: sha512-h///Lr5a9rib/v1GGqXVGzjL4TMvVTv+s1DPoxQdz7l/AYv6LDSxdIwzxkrPW438oUXiDtwM10o9PmwS/6Z0Ng==}
    engines: {node: '>=18'}
    cpu: [loong64]
    os: [linux]

  '@esbuild/linux-mips64el@0.25.12':
    resolution: {integrity: sha512-iyRrM1Pzy9GFMDLsXn1iHUm18nhKnNMWscjmp4+hpafcZjrr2WbT//d20xaGljXDBYHqRcl8HnxbX6uaA/eGVw==}
    engines: {node: '>=18'}
    cpu: [mips64el]
    os: [linux]

  '@esbuild/linux-ppc64@0.25.12':
    resolution: {integrity: sha512-9meM/lRXxMi5PSUqEXRCtVjEZBGwB7P/D4yT8UG/mwIdze2aV4Vo6U5gD3+RsoHXKkHCfSxZKzmDssVlRj1QQA==}
    engines: {node: '>=18'}
    cpu: [ppc64]
    os: [linux]

  '@esbuild/linux-riscv64@0.25.12':
    resolution: {integrity: sha512-Zr7KR4hgKUpWAwb1f3o5ygT04MzqVrGEGXGLnj15YQDJErYu/BGg+wmFlIDOdJp0PmB0lLvxFIOXZgFRrdjR0w==}
    engines: {node: '>=18'}
    cpu: [riscv64]
    os: [linux]

  '@esbuild/linux-s390x@0.25.12':
    resolution: {integrity: sha512-MsKncOcgTNvdtiISc/jZs/Zf8d0cl/t3gYWX8J9ubBnVOwlk65UIEEvgBORTiljloIWnBzLs4qhzPkJcitIzIg==}
    engines: {node: '>=18'}
    cpu: [s390x]
    os: [linux]

  '@esbuild/linux-x64@0.25.12':
    resolution: {integrity: sha512-uqZMTLr/zR/ed4jIGnwSLkaHmPjOjJvnm6TVVitAa08SLS9Z0VM8wIRx7gWbJB5/J54YuIMInDquWyYvQLZkgw==}
    engines: {node: '>=18'}
    cpu: [x64]
    os: [linux]

  '@esbuild/netbsd-arm64@0.25.12':
    resolution: {integrity: sha512-xXwcTq4GhRM7J9A8Gv5boanHhRa/Q9KLVmcyXHCTaM4wKfIpWkdXiMog/KsnxzJ0A1+nD+zoecuzqPmCRyBGjg==}
    engines: {node: '>=18'}
    cpu: [arm64]
    os: [netbsd]

  '@esbuild/netbsd-x64@0.25.12':
    resolution: {integrity: sha512-Ld5pTlzPy3YwGec4OuHh1aCVCRvOXdH8DgRjfDy/oumVovmuSzWfnSJg+VtakB9Cm0gxNO9BzWkj6mtO1FMXkQ==}
    engines: {node: '>=18'}
    cpu: [x64]
    os: [netbsd]

  '@esbuild/openbsd-arm64@0.25.12':
    resolution: {integrity: sha512-fF96T6KsBo/pkQI950FARU9apGNTSlZGsv1jZBAlcLL1MLjLNIWPBkj5NlSz8aAzYKg+eNqknrUJ24QBybeR5A==}
    engines: {node: '>=18'}
    cpu: [arm64]
    os: [openbsd]

  '@esbuild/openbsd-x64@0.25.12':
    resolution: {integrity: sha512-MZyXUkZHjQxUvzK7rN8DJ3SRmrVrke8ZyRusHlP+kuwqTcfWLyqMOE3sScPPyeIXN/mDJIfGXvcMqCgYKekoQw==}
    engines: {node: '>=18'}
    cpu: [x64]
    os: [openbsd]

  '@esbuild/openharmony-arm64@0.25.12':
    resolution: {integrity: sha512-rm0YWsqUSRrjncSXGA7Zv78Nbnw4XL6/dzr20cyrQf7ZmRcsovpcRBdhD43Nuk3y7XIoW2OxMVvwuRvk9XdASg==}
    engines: {node: '>=18'}
    cpu: [arm64]
    os: [openharmony]

  '@esbuild/sunos-x64@0.25.12':
    resolution: {integrity: sha512-3wGSCDyuTHQUzt0nV7bocDy72r2lI33QL3gkDNGkod22EsYl04sMf0qLb8luNKTOmgF/eDEDP5BFNwoBKH441w==}
    engines: {node: '>=18'}
    cpu: [x64]
    os: [sunos]

  '@esbuild/win32-arm64@0.25.12':
    resolution: {integrity: sha512-rMmLrur64A7+DKlnSuwqUdRKyd3UE7oPJZmnljqEptesKM8wx9J8gx5u0+9Pq0fQQW8vqeKebwNXdfOyP+8Bsg==}
    engines: {node: '>=18'}
    cpu: [arm64]
    os: [win32]

  '@esbuild/win32-ia32@0.25.12':
    resolution: {integrity: sha512-HkqnmmBoCbCwxUKKNPBixiWDGCpQGVsrQfJoVGYLPT41XWF8lHuE5N6WhVia2n4o5QK5M4tYr21827fNhi4byQ==}
    engines: {node: '>=18'}
    cpu: [ia32]
    os: [win32]

  '@esbuild/win32-x64@0.25.12':
    resolution: {integrity: sha512-alJC0uCZpTFrSL0CCDjcgleBXPnCrEAhTBILpeAp7M/OFgoqtAetfBzX0xM00MUsVVPpVjlPuMbREqnZCXaTnA==}
    engines: {node: '>=18'}
    cpu: [x64]
    os: [win32]

  '@jridgewell/resolve-uri@3.1.2':
    resolution: {integrity: sha512-bRISgCIjP20/tbWSPWMEi54QVPRZExkuD9lJL+UIxUKtwVJA8wW1Trb1jMs1RFXo1CBTNZ/5hpC9QvmKWdopKw==}
    engines: {node: '>=6.0.0'}

  '@jridgewell/sourcemap-codec@1.5.5':
    resolution: {integrity: sha512-cYQ9310grqxueWbl+WuIUIaiUaDcj7WOq5fVhEljNVgRfOUhY9fy2zTvfoqWsnebh8Sl70VScFbICvJnLKB0Og==}

  '@jridgewell/trace-mapping@0.3.31':
    resolution: {integrity: sha512-zzNR+SdQSDJzc8joaeP8QQoCQr8NuYx2dIIytl1QeBEZHJ9uW6hebsrYgbz8hJwUQao3TWCMtmfV8Nu1twOLAw==}

  '@module-federation/error-codes@0.22.0':
    resolution: {integrity: sha512-xF9SjnEy7vTdx+xekjPCV5cIHOGCkdn3pIxo9vU7gEZMIw0SvAEdsy6Uh17xaCpm8V0FWvR0SZoK9Ik6jGOaug==}

  '@module-federation/runtime-core@0.22.0':
    resolution: {integrity: sha512-GR1TcD6/s7zqItfhC87zAp30PqzvceoeDGYTgF3Vx2TXvsfDrhP6Qw9T4vudDQL3uJRne6t7CzdT29YyVxlgIA==}

  '@module-federation/runtime-tools@0.22.0':
    resolution: {integrity: sha512-4ScUJ/aUfEernb+4PbLdhM/c60VHl698Gn1gY21m9vyC1Ucn69fPCA1y2EwcCB7IItseRMoNhdcWQnzt/OPCNA==}

  '@module-federation/runtime@0.22.0':
    resolution: {integrity: sha512-38g5iPju2tPC3KHMPxRKmy4k4onNp6ypFPS1eKGsNLUkXgHsPMBFqAjDw96iEcjri91BrahG4XcdyKi97xZzlA==}

  '@module-federation/sdk@0.22.0':
    resolution: {integrity: sha512-x4aFNBKn2KVQRuNVC5A7SnrSCSqyfIWmm1DvubjbO9iKFe7ith5niw8dqSFBekYBg2Fwy+eMg4sEFNVvCAdo6g==}

  '@module-federation/webpack-bundler-runtime@0.22.0':
    resolution: {integrity: sha512-aM8gCqXu+/4wBmJtVeMeeMN5guw3chf+2i6HajKtQv7SJfxV/f4IyNQJUeUQu9HfiAZHjqtMV5Lvq/Lvh8LdyA==}

  '@napi-rs/wasm-runtime@1.0.7':
    resolution: {integrity: sha512-SeDnOO0Tk7Okiq6DbXmmBODgOAb9dp9gjlphokTUxmt8U3liIP1ZsozBahH69j/RJv+Rfs6IwUKHTgQYJ/HBAw==}

  '@napi-rs/wasm-runtime@1.1.4':
    resolution: {integrity: sha512-3NQNNgA1YSlJb/kMH1ildASP9HW7/7kYnRI2szWJaofaS1hWmbGI4H+d3+22aGzXXN9IJ+n+GiFVcGipJP18ow==}
    peerDependencies:
      '@emnapi/core': ^1.7.1
      '@emnapi/runtime': ^1.7.1

  '@rsbuild/core@1.7.5':
    resolution: {integrity: sha512-i37urpoV4y9NSsGiUOuLdoI42KJ5h4gAZ8EG8Ilmsond3bxoAoOCu7YvC+1pJ7p+r16suVPW8cki891ZKHOoXQ==}
    engines: {node: '>=18.12.0'}
    hasBin: true

  '@rsbuild/core@2.0.11':
    resolution: {integrity: sha512-Mpp/viUSkVdSWJkFipdZxM2nUztrBwSnMm6Q86bPzLHtHnXqQ3VFpSMlA4wWRyySNddP6s6efKiVpx0ZOCf7Gg==}
    engines: {node: ^20.19.0 || >=22.12.0}
    hasBin: true
    peerDependencies:
      core-js: '>= 3.0.0'
    peerDependenciesMeta:
      core-js:
        optional: true

  '@rsbuild/core@2.0.7':
    resolution: {integrity: sha512-LsBONEzsjzOAqO72ot39eI7g53zSfF9QuDXTu4ks8IUX+EZsxRSniQfc+1zVA6a6y3b9KUUtG96avoMLKbWklQ==}
    engines: {node: ^20.19.0 || >=22.12.0}
    hasBin: true
    peerDependencies:
      core-js: '>= 3.0.0'
    peerDependenciesMeta:
      core-js:
        optional: true

  '@rslib/core@0.21.5':
    resolution: {integrity: sha512-KPWR8gcodSIw8txfJ+KbgF5NoL7CxX0AljHiJk1VWDiClrN94jYmF5iGCFgaDraOBV9jJhpIIwPOfu09ild8eA==}
    engines: {node: ^20.19.0 || >=22.12.0}
    hasBin: true
    peerDependencies:
      '@microsoft/api-extractor': ^7
      typescript: ^5 || ^6
    peerDependenciesMeta:
      '@microsoft/api-extractor':
        optional: true
      typescript:
        optional: true

  '@rspack/binding-darwin-arm64@1.7.11':
    resolution: {integrity: sha512-oduECiZVqbO5zlVw+q7Vy65sJFth99fWPTyucwvLJJtJkPL5n17Uiql2cYP6Ijn0pkqtf1SXgK8WjiKLG5bIig==}
    cpu: [arm64]
    os: [darwin]

  '@rspack/binding-darwin-arm64@2.0.4':
    resolution: {integrity: sha512-0Q1QXFEsZfDc4opiDnb8q50KlBbC2VovViDaYlMJZBzvjAo325mh3itXPfz7YZ31M+TxRE7TUiJXH3ltiV1Hdg==}
    cpu: [arm64]
    os: [darwin]

  '@rspack/binding-darwin-arm64@2.0.6':
    resolution: {integrity: sha512-0giCKiWlBfcM4i2scv1j2k9HlSecO9Ybhaa5wsMUyvcFeKr9HbNHh7C2eDFlC6zaI85IUdY71TXF/g/Tcxr9MA==}
    cpu: [arm64]
    os: [darwin]

  '@rspack/binding-darwin-x64@1.7.11':
    resolution: {integrity: sha512-a1+TtTE9ap6RalgFi7FGIgkJP6O4Vy6ctv+9WGJy53E4kuqHR0RygzaiVxCI/GMc/vBT9vY23hyrpWb3d1vtXA==}
    cpu: [x64]
    os: [darwin]

  '@rspack/binding-darwin-x64@2.0.4':
    resolution: {integrity: sha512-oO5J2QYf7+H+aYRj85EiGrDOoDEE9EDDl7NgXv46iWvIF0wXowEHXqnjMFxHxRq2Vf6scT+0yYQX9blWcvMWAA==}
    cpu: [x64]
    os: [darwin]

  '@rspack/binding-darwin-x64@2.0.6':
    resolution: {integrity: sha512-/mMo2IpI02aOKMlHbVbZue3TJxFqHGX+ibVTdEO+6bzRSuHs7+R9KM5U3XH2YxcWJy5Sid1X1T1pJAjsXcE3rA==}
    cpu: [x64]
    os: [darwin]

  '@rspack/binding-linux-arm64-gnu@1.7.11':
    resolution: {integrity: sha512-P0QrGRPbTWu6RKWfN0bDtbnEps3rXH0MWIMreZABoUrVmNQKtXR6e73J3ub6a+di5s2+K0M2LJ9Bh2/H4UsDUA==}
    cpu: [arm64]
    os: [linux]
    libc: [glibc]

  '@rspack/binding-linux-arm64-gnu@2.0.4':
    resolution: {integrity: sha512-BEk6mIYBK4BihW9qXXITJORrVXecTlkRjrqhgefili4xjXtLdcUnxAm9sN/2oJ8m378n2h33qDh4gr2orPBFWQ==}
    cpu: [arm64]
    os: [linux]
    libc: [glibc]

  '@rspack/binding-linux-arm64-gnu@2.0.6':
    resolution: {integrity: sha512-H6ACzeM1KBxYDEF8YAim3501Jb1aCsSG79Gjm1M4pwJ5OJPK2ydiJEa438ugXmh0962eKYMHI2yZY0sQq8txaw==}
    cpu: [arm64]
    os: [linux]
    libc: [glibc]

  '@rspack/binding-linux-arm64-musl@1.7.11':
    resolution: {integrity: sha512-6ky7R43VMjWwmx3Yx7Jl7faLBBMAgMDt+/bN35RgwjiPgsIByz65EwytUVuW9rikB43BGHvA/eqlnjLrUzNBqw==}
    cpu: [arm64]
    os: [linux]
    libc: [musl]

  '@rspack/binding-linux-arm64-musl@2.0.4':
    resolution: {integrity: sha512-Hyt3z1RwNcSMIoaoWLN4Hb/696/O5JPukf8rXQASvf2UkC+X3ij7tr+8lMSYi3Zysi1QL375CnT4fNoABEW0JA==}
    cpu: [arm64]
    os: [linux]
    libc: [musl]

  '@rspack/binding-linux-arm64-musl@2.0.6':
    resolution: {integrity: sha512-QTFmBg0n+L397Wi8CIjbd5pe/hxpHnqCDaG1A7e2NWX8Fj9zulAoKLiKflQa1ELEhAY4Foq88aX75+Ilt2tHcw==}
    cpu: [arm64]
    os: [linux]
    libc: [musl]

  '@rspack/binding-linux-x64-gnu@1.7.11':
    resolution: {integrity: sha512-cuOJMfCOvb2Wgsry5enXJ3iT1FGUjdPqtGUBVupQlEG4ntSYsQ2PtF4wIDVasR3wdxC5nQbipOrDiN/u6fYsdQ==}
    cpu: [x64]
    os: [linux]
    libc: [glibc]

  '@rspack/binding-linux-x64-gnu@2.0.4':
    resolution: {integrity: sha512-xHorBPBZAg0Pn9Q0k9dWZ9euowieDxcSOzQ9JhTCmhDY6wZH5M/kCBFlCs/OQeW5/NUArW3x3MwEdO/0QJHMxg==}
    cpu: [x64]
    os: [linux]
    libc: [glibc]

  '@rspack/binding-linux-x64-gnu@2.0.6':
    resolution: {integrity: sha512-rerCAz022zf0ewxI+7n3SrqLEaxCL+MXRxKjK5FLUGFa8UkIrivq+VUP/1OB6JLh2Bucebc7Y9WoWHvtk22mLA==}
    cpu: [x64]
    os: [linux]
    libc: [glibc]

  '@rspack/binding-linux-x64-musl@1.7.11':
    resolution: {integrity: sha512-CoK37hva4AmHGh3VCsQXmGr40L36m1/AdnN5LEjUX6kx5rEH7/1nEBN6Ii72pejqDVvk9anEROmPDiPw10tpFg==}
    cpu: [x64]
    os: [linux]
    libc: [musl]

  '@rspack/binding-linux-x64-musl@2.0.4':
    resolution: {integrity: sha512-QLxEGUXofF0kVNU12Y2NT3Qi9lGs+WbnYpapVeb+2IXtrAXJfU7Rhy7lAp5GLMzYMQNrKKL9SVnTWKbODbNW9Q==}
    cpu: [x64]
    os: [linux]
    libc: [musl]

  '@rspack/binding-linux-x64-musl@2.0.6':
    resolution: {integrity: sha512-96IgOFXQjX6Wbxd+DCYJFy2r/VMu1OoHifW4Cr3kGTYDKoQOIMLwb0ieu/ILp2dGWFMZo5S8odiByAmNICAOIA==}
    cpu: [x64]
    os: [linux]
    libc: [musl]

  '@rspack/binding-wasm32-wasi@1.7.11':
    resolution: {integrity: sha512-OtrmnPUVJMxjNa3eDMfHyPdtlLRmmp/aIm0fQHlAOATbZvlGm12q7rhPW5BXTu1yh+1rQ1/uqvz+SzKEZXuJaQ==}
    cpu: [wasm32]

  '@rspack/binding-wasm32-wasi@2.0.4':
    resolution: {integrity: sha512-YhN8HkiH46ONU9tm5dyoXDImDWGpU7E4SPqGI4OyAVF0445uIChurIUmTIOYcD6cg81GGeIjozWJOcb635Dcqw==}
    cpu: [wasm32]

  '@rspack/binding-wasm32-wasi@2.0.6':
    resolution: {integrity: sha512-0aWiF+qmdb0csp1x+MaR2o1pscoquLaEbLTVdKjmoTRs6sguMemtB1ObnVTahAUL73P66WePuNpFAJ81zNdqzQ==}
    cpu: [wasm32]

  '@rspack/binding-win32-arm64-msvc@1.7.11':
    resolution: {integrity: sha512-lObFW6e5lCWNgTBNwT//yiEDbsxm9QG4BYUojqeXxothuzJ/L6ibXz6+gLMvbOvLGV3nKgkXmx8GvT9WDKR0mA==}
    cpu: [arm64]
    os: [win32]

  '@rspack/binding-win32-arm64-msvc@2.0.4':
    resolution: {integrity: sha512-MUlYIz82xQRN0aoiXXyEBrNVUwiOSSFRi7nuCgUKduaSdlbPWzCY31IdtOygZ06LVp5JIGUEtyqSrjQq4FrMRw==}
    cpu: [arm64]
    os: [win32]

  '@rspack/binding-win32-arm64-msvc@2.0.6':
    resolution: {integrity: sha512-BX638A1MXsjc2E3tUskVh3X/WBIHjLKK+lo395v7MmEL9u2BA6l3F6RyW+YaJOt5aEOOv83iA7iCZsviVZ49Uw==}
    cpu: [arm64]
    os: [win32]

  '@rspack/binding-win32-ia32-msvc@1.7.11':
    resolution: {integrity: sha512-0pYGnZd8PPqNR68zQ8skamqNAXEA1sUfXuAdYcknIIRq2wsbiwFzIc0Pov1cIfHYab37G7sSIPBiOUdOWF5Ivw==}
    cpu: [ia32]
    os: [win32]

  '@rspack/binding-win32-ia32-msvc@2.0.4':
    resolution: {integrity: sha512-D7UcIFMzlY2yhhyuW4Ej15gBWmTwUM5DxuObl3Kv31qRv/pmV3MsqUeG5m2dqLbUxzqPH87qnp0cArbkJQ1b+w==}
    cpu: [ia32]
    os: [win32]

  '@rspack/binding-win32-ia32-msvc@2.0.6':
    resolution: {integrity: sha512-DCK/+MlN35uvH7tp4j0hbg8wIs9MHArMIrNZXtiD8xP6DNw2wrXcGC1VaxxR5apyWpqXAfIL/KsXBiWS3ygCvg==}
    cpu: [ia32]
    os: [win32]

  '@rspack/binding-win32-x64-msvc@1.7.11':
    resolution: {integrity: sha512-EeQXayoQk/uBkI3pdoXfQBXNIUrADq56L3s/DFyM2pJeUDrWmhfIw2UFIGkYPTMSCo8F2JcdcGM32FGJrSnU0Q==}
    cpu: [x64]
    os: [win32]

  '@rspack/binding-win32-x64-msvc@2.0.4':
    resolution: {integrity: sha512-MnYKPfdrAEbtpKg/1SZ6cNtzreIRyQJK4APbxLLPXENdTH5QXQkaTjLMKEeJcJ51FRhI/+yNpOUm2oTHdCQ1Og==}
    cpu: [x64]
    os: [win32]

  '@rspack/binding-win32-x64-msvc@2.0.6':
    resolution: {integrity: sha512-TxutgzdEX9BkAU/5liKxdQmggJ23INz7EZDWtzSJO6C2SiSYzTJdyPQDIJi1ddkM5TX/drzH184gAJMVOQefng==}
    cpu: [x64]
    os: [win32]

  '@rspack/binding@1.7.11':
    resolution: {integrity: sha512-2MGdy2s2HimsDT444Bp5XnALzNRxuBNc7y0JzyuqKbHBywd4x2NeXyhWXXoxufaCFu5PBc9Qq9jyfjW2Aeh06Q==}

  '@rspack/binding@2.0.4':
    resolution: {integrity: sha512-/QeJDPUw/lWkBJESG264KA9u6/rAjvoJhKncU4rkTi5Ap45kue5HTgOzr0ufxKdd2Xl72fjFBuqlKmtFDD5LiQ==}

  '@rspack/binding@2.0.6':
    resolution: {integrity: sha512-z5EO9mPlmYNpHAlRGub0Chr6D+Klgy+tX36n7tCm7VRGRlwTmTU9wSENrYbHcCpFbegtrE0s30rDeTBeOu+JiQ==}

  '@rspack/core@1.7.11':
    resolution: {integrity: sha512-rsD9b+Khmot5DwCMiB3cqTQo53ioPG3M/A7BySu8+0+RS7GCxKm+Z+mtsjtG/vsu4Tn2tcqCdZtA3pgLoJB+ew==}
    engines: {node: '>=18.12.0'}
    peerDependencies:
      '@swc/helpers': '>=0.5.1'
    peerDependenciesMeta:
      '@swc/helpers':
        optional: true

  '@rspack/core@2.0.4':
    resolution: {integrity: sha512-OuxdQeeKWQpNvFBRDOcnoSaQvp6E4APM/6JJMM/k0p6oL1TEFQVGdNu3VGY4mRAsebnNBXapMVMhj+v66Bn2pg==}
    engines: {node: ^20.19.0 || >=22.12.0}
    peerDependencies:
      '@module-federation/runtime-tools': ^0.24.1 || ^2.0.0
      '@swc/helpers': '>=0.5.1'
    peerDependenciesMeta:
      '@module-federation/runtime-tools':
        optional: true
      '@swc/helpers':
        optional: true

  '@rspack/core@2.0.6':
    resolution: {integrity: sha512-ronRqH1T2dYdMFVOQbGvDNxYaLugQK8qhNYYtS2DbOvPKQYvdIYWDenL9k/WV+hLoknnPWMn2ME2cKJcK3Po+g==}
    engines: {node: ^20.19.0 || >=22.12.0}
    peerDependencies:
      '@module-federation/runtime-tools': ^0.24.1 || ^2.0.0
      '@swc/helpers': ^0.5.23
    peerDependenciesMeta:
      '@module-federation/runtime-tools':
        optional: true
      '@swc/helpers':
        optional: true

  '@rspack/lite-tapable@1.1.0':
    resolution: {integrity: sha512-E2B0JhYFmVAwdDiG14+DW0Di4Ze4Jg10Pc4/lILUrd5DRCaklduz2OvJ5HYQ6G+hd+WTzqQb3QnDNfK4yvAFYw==}

  '@rstest/core@0.10.3':
    resolution: {integrity: sha512-UiJ1td7KszgAfPVroNKnQQ60S0EeyHdPZArng08ffMMCmwo/6aeLmjk4s+W/ojR5iredelM9Z0Yc01vN3kSaeA==}
    engines: {node: ^20.19.0 || >=22.12.0}
    hasBin: true
    peerDependencies:
      happy-dom: ^20.8.3
      jsdom: '*'
    peerDependenciesMeta:
      happy-dom:
        optional: true
      jsdom:
        optional: true

  '@rstest/coverage-v8@0.10.3':
    resolution: {integrity: sha512-GCM8v4/CX5FiDXKvMg3CYX84DhRlwEBBTcYUaf/+YUO/eSluwimbuY8fcEbBIx2qwTGNEtRwSo2ireO7E5zVXg==}
    peerDependencies:
      '@rstest/core': ~0.10.3

  '@swc/helpers@0.5.22':
    resolution: {integrity: sha512-/e2Ly3Docn9kYByap6TV4oquJ3wQuz3c+kC74riqtkwU9CwTMeuj6t2rW+bRr4pyOx/CYQM4wr0RgaKQwGEz0A==}

  '@swc/helpers@0.5.23':
    resolution: {integrity: sha512-5lSsMOTXURePglDfvuAQUqkGek9Hg2kksOYay2m0+XR++b2NWYL/4sWyuvVBIs8oKnJaxkdi9whaL/sqN13afw==}

  '@tybys/wasm-util@0.10.2':
    resolution: {integrity: sha512-RoBvJ2X0wuKlWFIjrwffGw1IqZHKQqzIchKaadZZfnNpsAYp2mM0h36JtPCjNDAHGgYez/15uMBpfGwchhiMgg==}

  '@types/chai@5.2.3':
    resolution: {integrity: sha512-Mw558oeA9fFbv65/y4mHtXDs9bPnFMZAL/jxdPFUpOHHIXX91mcgEHbS5Lahr+pwZFR8A7GQleRWeI6cGFC2UA==}

  '@types/deep-eql@4.0.2':
    resolution: {integrity: sha512-c9h9dVVMigMPc4bwTvC5dxqtqJZwQPePsWjPlpSOnojbor6pGqdk541lfA7AqFQr5pB1BRdq0juY9db81BwyFw==}

  '@types/estree@1.0.9':
    resolution: {integrity: sha512-GhdPgy1el4/ImP05X05Uw4cw2/M93BCUmnEvWZNStlCzEKME4Fkk+YpoA5OiHNQmoS7Cafb8Xa3Pya8m1Qrzeg==}

  '@types/istanbul-lib-coverage@2.0.6':
    resolution: {integrity: sha512-2QF/t/auWm0lsy8XtKVPG19v3sSOQlJe/YHZgfjb/KBBHOGSV+J2q/S671rcq9uTBrLAXmZpqJiaQbMT+zNU1w==}

  '@types/node@24.12.4':
    resolution: {integrity: sha512-GUUEShf+PBCGW2KaXwcIt3Yk+e3pkKwWKb9GSyM9WQVE+ep2jzmHdGsHzu4wgcZy5fN9FBdVzjpBQsYlpfpgLA==}

  '@types/node@25.9.1':
    resolution: {integrity: sha512-xfrlY7UD5rMJk3ZVJP8BNzS28J36YJg+xp+LPXV1TdWxr8uMH5A860QNxYDGQe/ylDSgjxE52Q9VnO7p75tJxg==}

  '@types/whatwg-mimetype@3.0.2':
    resolution: {integrity: sha512-c2AKvDT8ToxLIOUlN51gTiHXflsfIFisS4pO7pDPoKouJCESkhZnEy623gwP9laCy5lnLDAw1vAzu2vM2YLOrA==}

  '@types/ws@8.18.1':
    resolution: {integrity: sha512-ThVF6DCVhA8kUGy+aazFQ4kXQ7E1Ty7A3ypFOe0IcJV8O/M511G99AW24irKrW56Wt44yG9+ij8FaqoBGkuBXg==}

  acorn@8.16.0:
    resolution: {integrity: sha512-UVJyE9MttOsBQIDKw1skb9nAwQuR5wuGD3+82K6JgJlm/Y+KI92oNsMNGZCYdDsVtRHSak0pcV5Dno5+4jh9sw==}
    engines: {node: '>=0.4.0'}
    hasBin: true

  assertion-error@2.0.1:
    resolution: {integrity: sha512-Izi8RQcffqCeNVgFigKli1ssklIbpHnCYc6AknXGYoB6grJqyeby7jv12JUQgmTAnIDnbck1uxksT4dzN3PWBA==}
    engines: {node: '>=12'}

  ast-v8-to-istanbul@1.0.3:
    resolution: {integrity: sha512-jCMQ6ZylLPudp0CDfBmQBZUsrh1/8psbmu9ibeVWKuHWD0YrH9YABwlKu5kVEFoT0GCQQW9Z/SxfuEbbkGQCRg==}

  convert-source-map@2.0.0:
    resolution: {integrity: sha512-Kvp459HrV2FEJ1CAsi1Ku+MY3kasH19TFykTz2xWmMeq6bk2NU3XXvfJ+Q61m0xktWwt+1HSYf3JZsTms3aRJg==}

  core-js@3.47.0:
    resolution: {integrity: sha512-c3Q2VVkGAUyupsjRnaNX6u8Dq2vAdzm9iuPj5FW0fRxzlxgq9Q39MDq10IvmQSpLgHQNyQzQmOo6bgGHmH3NNg==}

  entities@7.0.1:
    resolution: {integrity: sha512-TWrgLOFUQTH994YUyl1yT4uyavY5nNB5muff+RtWaqNVCAK408b5ZnnbNAUEWLTCpum9w6arT70i1XdQ4UeOPA==}
    engines: {node: '>=0.12'}

  esbuild-wasm@0.24.2:
    resolution: {integrity: sha512-03/7Z1gD+ohDnScFztvI4XddTAbKVmMEzCvvkBpQdWKEXJ+73dTyeNrmdxP1Q0zpDMFjzUJwtK4rLjqwiHbzkw==}
    engines: {node: '>=18'}
    hasBin: true

  esbuild@0.25.12:
    resolution: {integrity: sha512-bbPBYYrtZbkt6Os6FiTLCTFxvq4tt3JKall1vRwshA3fdVztsLAatFaZobhkBC8/BrPetoa0oksYoKXoG4ryJg==}
    engines: {node: '>=18'}
    hasBin: true

  estree-walker@3.0.3:
    resolution: {integrity: sha512-7RUKfXgSMMkzt6ZuXmqapOurLGPPfgj6l9uRZ7lRGolvk0y2yocc35LdcxKC5PQZdn2DMqioAQ2NoWcrTKmm6g==}

  fsevents@2.3.2:
    resolution: {integrity: sha512-xiqMQR4xAeHTuB9uWm+fFRcIOgKBMiOBP+eXiyT7jsgVCq1bkVygt00oASowB7EdtpOHaaPgKt812P9ab+DDKA==}
    engines: {node: ^8.16.0 || ^10.6.0 || >=11.0.0}
    os: [darwin]

  happy-dom@20.9.0:
    resolution: {integrity: sha512-GZZ9mKe8r646NUAf/zemnGbjYh4Bt8/MqASJY+pSm5ZDtc3YQox+4gsLI7yi1hba6o+eCsGxpHn5+iEVn31/FQ==}
    engines: {node: '>=20.0.0'}

  has-flag@4.0.0:
    resolution: {integrity: sha512-EykJT/Q1KjTWctppgIAgfSO0tKVuZUjhgMr17kqTumMl6Afv3EISleU7qZUzoXDFTAHTDC4NOoG/ZxU3EvlMPQ==}
    engines: {node: '>=8'}

  html-escaper@2.0.2:
    resolution: {integrity: sha512-H2iMtd0I4Mt5eYiapRdIDjp+XzelXQ0tFE4JS7YFwFevXXMmOp9myNrUvCg0D6ws8iqkRPBfKHgbwig1SmlLfg==}

  istanbul-lib-coverage@3.2.2:
    resolution: {integrity: sha512-O8dpsF+r0WV/8MNRKfnmrtCWhuKjxrq2w+jpzBL5UZKTi2LeVWnWOmWRxFlesJONmc+wLAGvKQZEOanko0LFTg==}
    engines: {node: '>=8'}

  istanbul-lib-report@3.0.1:
    resolution: {integrity: sha512-GCfE1mtsHGOELCU8e/Z7YWzpmybrx/+dSTfLrvY8qRmaY6zXTKWn6WQIjaAFw069icm6GVMNkgu0NzI4iPZUNw==}
    engines: {node: '>=10'}

  istanbul-reports@3.2.0:
    resolution: {integrity: sha512-HGYWWS/ehqTV3xN10i23tkPkpH46MLCIMFNCaaKNavAXTF1RkqxawEPtnjnGZ6XKSInBKkiOA5BKS+aZiY3AvA==}
    engines: {node: '>=8'}

  jiti@2.7.0:
    resolution: {integrity: sha512-AC/7JofJvZGrrneWNaEnJeOLUx+JlGt7tNa0wZiRPT4MY1wmfKjt2+6O2p2uz2+skll8OZZmJMNqeke7kKbNgQ==}
    hasBin: true

  js-tokens@10.0.0:
    resolution: {integrity: sha512-lM/UBzQmfJRo9ABXbPWemivdCW8V2G8FHaHdypQaIy523snUjog0W71ayWXTjiR+ixeMyVHN2XcpnTd/liPg/Q==}

  make-dir@4.0.0:
    resolution: {integrity: sha512-hXdUTZYIVOt1Ex//jAQi+wTZZpUpwBj/0QsOzqegb3rGMMeJiSEu5xLHnYfBrRV4RH2+OCSOO95Is/7x1WJ4bw==}
    engines: {node: '>=10'}

  picomatch@4.0.4:
    resolution: {integrity: sha512-QP88BAKvMam/3NxH6vj2o21R6MjxZUAd6nlwAS/pnGvN9IVLocLHxGYIzFhg6fUQ+5th6P4dv4eW9jX3DSIj7A==}
    engines: {node: '>=12'}

  playwright-core@1.60.0:
    resolution: {integrity: sha512-9bW6zvX/m0lEbgTKJ6YppOKx8H3VOPBMOCFh2irXFOT4BbHgrx5hPjwJYLT40Lu+4qtD36qKc/Hn56StUW57IA==}
    engines: {node: '>=18'}
    hasBin: true

  playwright@1.60.0:
    resolution: {integrity: sha512-hheHdokM8cdqCb0lcE3s+zT4t4W+vvjpGxsZlDnikarzx8tSzMebh3UiFtgqwFwnTnjYQcsyMF8ei2mCO/tpeA==}
    engines: {node: '>=18'}
    hasBin: true

  rsbuild-plugin-dts@0.21.5:
    resolution: {integrity: sha512-tRSqSCmaY2Ef/FTxcLUw26jQxM/HJHAFqTsqngXnXnfic0BHlSCKzJuwjGoGUYimb3RdH6qnC7jzkXuoe+ZXOA==}
    engines: {node: ^20.19.0 || >=22.12.0}
    peerDependencies:
      '@microsoft/api-extractor': ^7
      '@rsbuild/core': ^1.0.0 || ^2.0.0-0
      '@typescript/native-preview': 7.x
      typescript: ^5 || ^6
    peerDependenciesMeta:
      '@microsoft/api-extractor':
        optional: true
      '@typescript/native-preview':
        optional: true
      typescript:
        optional: true

  semver@7.8.2:
    resolution: {integrity: sha512-c8jsqUZm3omBOI66G90z1Dyw5z622G8oLG+omfsHBJf3CWQTlOcwOjvOG6wtiNfW6anKm/eA39LMwMtMez2TiQ==}
    engines: {node: '>=10'}
    hasBin: true

  signal-polyfill@0.2.2:
    resolution: {integrity: sha512-p63Y4Er5/eMQ9RHg0M0Y64NlsQKpiu6MDdhBXpyywRuWiPywhJTpKJ1iB5K2hJEbFZ0BnDS7ZkJ+0AfTuL37Rg==}

  supports-color@7.2.0:
    resolution: {integrity: sha512-qpCAvRl9stuOHveKsn7HncJRvv501qIacKzQlO/+Lwxc9+0q2wLyv4Dfvt80/DPn2pqOBsJdDiogXGR9+OvwRw==}
    engines: {node: '>=8'}

  tslib@2.8.1:
    resolution: {integrity: sha512-oJFu94HQb+KVduSUQL7wnpmqnfmLsOA/nAh6b6EH0wCEoK0/mPeXU6c3wKDV83MkOuHPRHtSXKKU99IBazS/2w==}

  typescript@6.0.3:
    resolution: {integrity: sha512-y2TvuxSZPDyQakkFRPZHKFm+KKVqIisdg9/CZwm9ftvKXLP8NRWj38/ODjNbr43SsoXqNuAisEf1GdCxqWcdBw==}
    engines: {node: '>=14.17'}
    hasBin: true

  undici-types@7.16.0:
    resolution: {integrity: sha512-Zz+aZWSj8LE6zoxD+xrjh4VfkIG8Ya6LvYkZqtUQGJPZjYl53ypCaUwWqo7eI0x66KBGeRo+mlBEkMSeSZ38Nw==}

  undici-types@7.24.6:
    resolution: {integrity: sha512-WRNW+sJgj5OBN4/0JpHFqtqzhpbnV0GuB+OozA9gCL7a993SmU+1JBZCzLNxYsbMfIeDL+lTsphD5jN5N+n0zg==}

  v8-to-istanbul@9.3.0:
    resolution: {integrity: sha512-kiGUalWN+rgBJ/1OHZsBtU4rXZOfj/7rKQxULKlIzwzQSvMJUUNgPwJEEh7gU6xEVxC0ahoOBvN2YI8GH6FNgA==}
    engines: {node: '>=10.12.0'}

  whatwg-mimetype@3.0.0:
    resolution: {integrity: sha512-nt+N2dzIutVRxARx1nghPKGv1xHikU7HKdfafKkLNLindmPU/ch3U31NOCGGA/dmPcmb1VlofO0vnKAcsm0o/Q==}
    engines: {node: '>=12'}

  ws@8.21.0:
    resolution: {integrity: sha512-Vsp28b7DRcimFQvrqu2Wek3z1iYxDCWqHYB8Qsnk/S4RfaCQzPGPyBNuVjJV3cd6UiKtUtp6sNM77gWvzcCH+g==}
    engines: {node: '>=10.0.0'}
    peerDependencies:
      bufferutil: ^4.0.1
      utf-8-validate: '>=5.0.2'
    peerDependenciesMeta:
      bufferutil:
        optional: true
      utf-8-validate:
        optional: true

snapshots:

  '@ast-grep/napi-darwin-arm64@0.37.0':
    optional: true

  '@ast-grep/napi-darwin-x64@0.37.0':
    optional: true

  '@ast-grep/napi-linux-arm64-gnu@0.37.0':
    optional: true

  '@ast-grep/napi-linux-arm64-musl@0.37.0':
    optional: true

  '@ast-grep/napi-linux-x64-gnu@0.37.0':
    optional: true

  '@ast-grep/napi-linux-x64-musl@0.37.0':
    optional: true

  '@ast-grep/napi-win32-arm64-msvc@0.37.0':
    optional: true

  '@ast-grep/napi-win32-ia32-msvc@0.37.0':
    optional: true

  '@ast-grep/napi-win32-x64-msvc@0.37.0':
    optional: true

  '@ast-grep/napi@0.37.0':
    optionalDependencies:
      '@ast-grep/napi-darwin-arm64': 0.37.0
      '@ast-grep/napi-darwin-x64': 0.37.0
      '@ast-grep/napi-linux-arm64-gnu': 0.37.0
      '@ast-grep/napi-linux-arm64-musl': 0.37.0
      '@ast-grep/napi-linux-x64-gnu': 0.37.0
      '@ast-grep/napi-linux-x64-musl': 0.37.0
      '@ast-grep/napi-win32-arm64-msvc': 0.37.0
      '@ast-grep/napi-win32-ia32-msvc': 0.37.0
      '@ast-grep/napi-win32-x64-msvc': 0.37.0

  '@emnapi/core@1.10.0':
    dependencies:
      '@emnapi/wasi-threads': 1.2.1
      tslib: 2.8.1
    optional: true

  '@emnapi/runtime@1.10.0':
    dependencies:
      tslib: 2.8.1
    optional: true

  '@emnapi/wasi-threads@1.2.1':
    dependencies:
      tslib: 2.8.1
    optional: true

  '@esbuild/aix-ppc64@0.25.12':
    optional: true

  '@esbuild/android-arm64@0.25.12':
    optional: true

  '@esbuild/android-arm@0.25.12':
    optional: true

  '@esbuild/android-x64@0.25.12':
    optional: true

  '@esbuild/darwin-arm64@0.25.12':
    optional: true

  '@esbuild/darwin-x64@0.25.12':
    optional: true

  '@esbuild/freebsd-arm64@0.25.12':
    optional: true

  '@esbuild/freebsd-x64@0.25.12':
    optional: true

  '@esbuild/linux-arm64@0.25.12':
    optional: true

  '@esbuild/linux-arm@0.25.12':
    optional: true

  '@esbuild/linux-ia32@0.25.12':
    optional: true

  '@esbuild/linux-loong64@0.25.12':
    optional: true

  '@esbuild/linux-mips64el@0.25.12':
    optional: true

  '@esbuild/linux-ppc64@0.25.12':
    optional: true

  '@esbuild/linux-riscv64@0.25.12':
    optional: true

  '@esbuild/linux-s390x@0.25.12':
    optional: true

  '@esbuild/linux-x64@0.25.12':
    optional: true

  '@esbuild/netbsd-arm64@0.25.12':
    optional: true

  '@esbuild/netbsd-x64@0.25.12':
    optional: true

  '@esbuild/openbsd-arm64@0.25.12':
    optional: true

  '@esbuild/openbsd-x64@0.25.12':
    optional: true

  '@esbuild/openharmony-arm64@0.25.12':
    optional: true

  '@esbuild/sunos-x64@0.25.12':
    optional: true

  '@esbuild/win32-arm64@0.25.12':
    optional: true

  '@esbuild/win32-ia32@0.25.12':
    optional: true

  '@esbuild/win32-x64@0.25.12':
    optional: true

  '@jridgewell/resolve-uri@3.1.2': {}

  '@jridgewell/sourcemap-codec@1.5.5': {}

  '@jridgewell/trace-mapping@0.3.31':
    dependencies:
      '@jridgewell/resolve-uri': 3.1.2
      '@jridgewell/sourcemap-codec': 1.5.5

  '@module-federation/error-codes@0.22.0': {}

  '@module-federation/runtime-core@0.22.0':
    dependencies:
      '@module-federation/error-codes': 0.22.0
      '@module-federation/sdk': 0.22.0

  '@module-federation/runtime-tools@0.22.0':
    dependencies:
      '@module-federation/runtime': 0.22.0
      '@module-federation/webpack-bundler-runtime': 0.22.0

  '@module-federation/runtime@0.22.0':
    dependencies:
      '@module-federation/error-codes': 0.22.0
      '@module-federation/runtime-core': 0.22.0
      '@module-federation/sdk': 0.22.0

  '@module-federation/sdk@0.22.0': {}

  '@module-federation/webpack-bundler-runtime@0.22.0':
    dependencies:
      '@module-federation/runtime': 0.22.0
      '@module-federation/sdk': 0.22.0

  '@napi-rs/wasm-runtime@1.0.7':
    dependencies:
      '@emnapi/core': 1.10.0
      '@emnapi/runtime': 1.10.0
      '@tybys/wasm-util': 0.10.2
    optional: true

  '@napi-rs/wasm-runtime@1.1.4(@emnapi/core@1.10.0)(@emnapi/runtime@1.10.0)':
    dependencies:
      '@emnapi/core': 1.10.0
      '@emnapi/runtime': 1.10.0
      '@tybys/wasm-util': 0.10.2
    optional: true

  '@rsbuild/core@1.7.5':
    dependencies:
      '@rspack/core': 1.7.11(@swc/helpers@0.5.22)
      '@rspack/lite-tapable': 1.1.0
      '@swc/helpers': 0.5.22
      core-js: 3.47.0
      jiti: 2.7.0

  '@rsbuild/core@2.0.11(core-js@3.47.0)':
    dependencies:
      '@rspack/core': 2.0.6(@swc/helpers@0.5.23)
      '@swc/helpers': 0.5.23
    optionalDependencies:
      core-js: 3.47.0
    transitivePeerDependencies:
      - '@module-federation/runtime-tools'

  '@rsbuild/core@2.0.7(core-js@3.47.0)':
    dependencies:
      '@rspack/core': 2.0.4(@swc/helpers@0.5.22)
      '@swc/helpers': 0.5.22
    optionalDependencies:
      core-js: 3.47.0
    transitivePeerDependencies:
      - '@module-federation/runtime-tools'

  '@rslib/core@0.21.5(core-js@3.47.0)(typescript@6.0.3)':
    dependencies:
      '@rsbuild/core': 2.0.7(core-js@3.47.0)
      rsbuild-plugin-dts: 0.21.5(@rsbuild/core@2.0.7(core-js@3.47.0))(typescript@6.0.3)
    optionalDependencies:
      typescript: 6.0.3
    transitivePeerDependencies:
      - '@module-federation/runtime-tools'
      - '@typescript/native-preview'
      - core-js

  '@rspack/binding-darwin-arm64@1.7.11':
    optional: true

  '@rspack/binding-darwin-arm64@2.0.4':
    optional: true

  '@rspack/binding-darwin-arm64@2.0.6':
    optional: true

  '@rspack/binding-darwin-x64@1.7.11':
    optional: true

  '@rspack/binding-darwin-x64@2.0.4':
    optional: true

  '@rspack/binding-darwin-x64@2.0.6':
    optional: true

  '@rspack/binding-linux-arm64-gnu@1.7.11':
    optional: true

  '@rspack/binding-linux-arm64-gnu@2.0.4':
    optional: true

  '@rspack/binding-linux-arm64-gnu@2.0.6':
    optional: true

  '@rspack/binding-linux-arm64-musl@1.7.11':
    optional: true

  '@rspack/binding-linux-arm64-musl@2.0.4':
    optional: true

  '@rspack/binding-linux-arm64-musl@2.0.6':
    optional: true

  '@rspack/binding-linux-x64-gnu@1.7.11':
    optional: true

  '@rspack/binding-linux-x64-gnu@2.0.4':
    optional: true

  '@rspack/binding-linux-x64-gnu@2.0.6':
    optional: true

  '@rspack/binding-linux-x64-musl@1.7.11':
    optional: true

  '@rspack/binding-linux-x64-musl@2.0.4':
    optional: true

  '@rspack/binding-linux-x64-musl@2.0.6':
    optional: true

  '@rspack/binding-wasm32-wasi@1.7.11':
    dependencies:
      '@napi-rs/wasm-runtime': 1.0.7
    optional: true

  '@rspack/binding-wasm32-wasi@2.0.4':
    dependencies:
      '@emnapi/core': 1.10.0
      '@emnapi/runtime': 1.10.0
      '@napi-rs/wasm-runtime': 1.1.4(@emnapi/core@1.10.0)(@emnapi/runtime@1.10.0)
    optional: true

  '@rspack/binding-wasm32-wasi@2.0.6':
    dependencies:
      '@emnapi/core': 1.10.0
      '@emnapi/runtime': 1.10.0
      '@napi-rs/wasm-runtime': 1.1.4(@emnapi/core@1.10.0)(@emnapi/runtime@1.10.0)
    optional: true

  '@rspack/binding-win32-arm64-msvc@1.7.11':
    optional: true

  '@rspack/binding-win32-arm64-msvc@2.0.4':
    optional: true

  '@rspack/binding-win32-arm64-msvc@2.0.6':
    optional: true

  '@rspack/binding-win32-ia32-msvc@1.7.11':
    optional: true

  '@rspack/binding-win32-ia32-msvc@2.0.4':
    optional: true

  '@rspack/binding-win32-ia32-msvc@2.0.6':
    optional: true

  '@rspack/binding-win32-x64-msvc@1.7.11':
    optional: true

  '@rspack/binding-win32-x64-msvc@2.0.4':
    optional: true

  '@rspack/binding-win32-x64-msvc@2.0.6':
    optional: true

  '@rspack/binding@1.7.11':
    optionalDependencies:
      '@rspack/binding-darwin-arm64': 1.7.11
      '@rspack/binding-darwin-x64': 1.7.11
      '@rspack/binding-linux-arm64-gnu': 1.7.11
      '@rspack/binding-linux-arm64-musl': 1.7.11
      '@rspack/binding-linux-x64-gnu': 1.7.11
      '@rspack/binding-linux-x64-musl': 1.7.11
      '@rspack/binding-wasm32-wasi': 1.7.11
      '@rspack/binding-win32-arm64-msvc': 1.7.11
      '@rspack/binding-win32-ia32-msvc': 1.7.11
      '@rspack/binding-win32-x64-msvc': 1.7.11

  '@rspack/binding@2.0.4':
    optionalDependencies:
      '@rspack/binding-darwin-arm64': 2.0.4
      '@rspack/binding-darwin-x64': 2.0.4
      '@rspack/binding-linux-arm64-gnu': 2.0.4
      '@rspack/binding-linux-arm64-musl': 2.0.4
      '@rspack/binding-linux-x64-gnu': 2.0.4
      '@rspack/binding-linux-x64-musl': 2.0.4
      '@rspack/binding-wasm32-wasi': 2.0.4
      '@rspack/binding-win32-arm64-msvc': 2.0.4
      '@rspack/binding-win32-ia32-msvc': 2.0.4
      '@rspack/binding-win32-x64-msvc': 2.0.4

  '@rspack/binding@2.0.6':
    optionalDependencies:
      '@rspack/binding-darwin-arm64': 2.0.6
      '@rspack/binding-darwin-x64': 2.0.6
      '@rspack/binding-linux-arm64-gnu': 2.0.6
      '@rspack/binding-linux-arm64-musl': 2.0.6
      '@rspack/binding-linux-x64-gnu': 2.0.6
      '@rspack/binding-linux-x64-musl': 2.0.6
      '@rspack/binding-wasm32-wasi': 2.0.6
      '@rspack/binding-win32-arm64-msvc': 2.0.6
      '@rspack/binding-win32-ia32-msvc': 2.0.6
      '@rspack/binding-win32-x64-msvc': 2.0.6

  '@rspack/core@1.7.11(@swc/helpers@0.5.22)':
    dependencies:
      '@module-federation/runtime-tools': 0.22.0
      '@rspack/binding': 1.7.11
      '@rspack/lite-tapable': 1.1.0
    optionalDependencies:
      '@swc/helpers': 0.5.22

  '@rspack/core@2.0.4(@swc/helpers@0.5.22)':
    dependencies:
      '@rspack/binding': 2.0.4
    optionalDependencies:
      '@swc/helpers': 0.5.22

  '@rspack/core@2.0.6(@swc/helpers@0.5.23)':
    dependencies:
      '@rspack/binding': 2.0.6
    optionalDependencies:
      '@swc/helpers': 0.5.23

  '@rspack/lite-tapable@1.1.0': {}

  '@rstest/core@0.10.3(core-js@3.47.0)(happy-dom@20.9.0)':
    dependencies:
      '@rsbuild/core': 2.0.11(core-js@3.47.0)
      '@types/chai': 5.2.3
    optionalDependencies:
      happy-dom: 20.9.0
    transitivePeerDependencies:
      - '@module-federation/runtime-tools'
      - core-js

  '@rstest/coverage-v8@0.10.3(@rstest/core@0.10.3(core-js@3.47.0)(happy-dom@20.9.0))':
    dependencies:
      '@rstest/core': 0.10.3(core-js@3.47.0)(happy-dom@20.9.0)
      acorn: 8.16.0
      ast-v8-to-istanbul: 1.0.3
      istanbul-lib-coverage: 3.2.2
      istanbul-lib-report: 3.0.1
      istanbul-reports: 3.2.0
      picomatch: 4.0.4
      v8-to-istanbul: 9.3.0

  '@swc/helpers@0.5.22':
    dependencies:
      tslib: 2.8.1

  '@swc/helpers@0.5.23':
    dependencies:
      tslib: 2.8.1

  '@tybys/wasm-util@0.10.2':
    dependencies:
      tslib: 2.8.1
    optional: true

  '@types/chai@5.2.3':
    dependencies:
      '@types/deep-eql': 4.0.2
      assertion-error: 2.0.1

  '@types/deep-eql@4.0.2': {}

  '@types/estree@1.0.9': {}

  '@types/istanbul-lib-coverage@2.0.6': {}

  '@types/node@24.12.4':
    dependencies:
      undici-types: 7.16.0

  '@types/node@25.9.1':
    dependencies:
      undici-types: 7.24.6

  '@types/whatwg-mimetype@3.0.2': {}

  '@types/ws@8.18.1':
    dependencies:
      '@types/node': 25.9.1

  acorn@8.16.0: {}

  assertion-error@2.0.1: {}

  ast-v8-to-istanbul@1.0.3:
    dependencies:
      '@jridgewell/trace-mapping': 0.3.31
      estree-walker: 3.0.3
      js-tokens: 10.0.0

  convert-source-map@2.0.0: {}

  core-js@3.47.0: {}

  entities@7.0.1: {}

  esbuild-wasm@0.24.2: {}

  esbuild@0.25.12:
    optionalDependencies:
      '@esbuild/aix-ppc64': 0.25.12
      '@esbuild/android-arm': 0.25.12
      '@esbuild/android-arm64': 0.25.12
      '@esbuild/android-x64': 0.25.12
      '@esbuild/darwin-arm64': 0.25.12
      '@esbuild/darwin-x64': 0.25.12
      '@esbuild/freebsd-arm64': 0.25.12
      '@esbuild/freebsd-x64': 0.25.12
      '@esbuild/linux-arm': 0.25.12
      '@esbuild/linux-arm64': 0.25.12
      '@esbuild/linux-ia32': 0.25.12
      '@esbuild/linux-loong64': 0.25.12
      '@esbuild/linux-mips64el': 0.25.12
      '@esbuild/linux-ppc64': 0.25.12
      '@esbuild/linux-riscv64': 0.25.12
      '@esbuild/linux-s390x': 0.25.12
      '@esbuild/linux-x64': 0.25.12
      '@esbuild/netbsd-arm64': 0.25.12
      '@esbuild/netbsd-x64': 0.25.12
      '@esbuild/openbsd-arm64': 0.25.12
      '@esbuild/openbsd-x64': 0.25.12
      '@esbuild/openharmony-arm64': 0.25.12
      '@esbuild/sunos-x64': 0.25.12
      '@esbuild/win32-arm64': 0.25.12
      '@esbuild/win32-ia32': 0.25.12
      '@esbuild/win32-x64': 0.25.12

  estree-walker@3.0.3:
    dependencies:
      '@types/estree': 1.0.9

  fsevents@2.3.2:
    optional: true

  happy-dom@20.9.0:
    dependencies:
      '@types/node': 25.9.1
      '@types/whatwg-mimetype': 3.0.2
      '@types/ws': 8.18.1
      entities: 7.0.1
      whatwg-mimetype: 3.0.0
      ws: 8.21.0
    transitivePeerDependencies:
      - bufferutil
      - utf-8-validate

  has-flag@4.0.0: {}

  html-escaper@2.0.2: {}

  istanbul-lib-coverage@3.2.2: {}

  istanbul-lib-report@3.0.1:
    dependencies:
      istanbul-lib-coverage: 3.2.2
      make-dir: 4.0.0
      supports-color: 7.2.0

  istanbul-reports@3.2.0:
    dependencies:
      html-escaper: 2.0.2
      istanbul-lib-report: 3.0.1

  jiti@2.7.0: {}

  js-tokens@10.0.0: {}

  make-dir@4.0.0:
    dependencies:
      semver: 7.8.2

  picomatch@4.0.4: {}

  playwright-core@1.60.0: {}

  playwright@1.60.0:
    dependencies:
      playwright-core: 1.60.0
    optionalDependencies:
      fsevents: 2.3.2

  rsbuild-plugin-dts@0.21.5(@rsbuild/core@2.0.7(core-js@3.47.0))(typescript@6.0.3):
    dependencies:
      '@ast-grep/napi': 0.37.0
      '@rsbuild/core': 2.0.7(core-js@3.47.0)
    optionalDependencies:
      typescript: 6.0.3

  semver@7.8.2: {}

  signal-polyfill@0.2.2: {}

  supports-color@7.2.0:
    dependencies:
      has-flag: 4.0.0

  tslib@2.8.1: {}

  typescript@6.0.3: {}

  undici-types@7.16.0: {}

  undici-types@7.24.6: {}

  v8-to-istanbul@9.3.0:
    dependencies:
      '@jridgewell/trace-mapping': 0.3.31
      '@types/istanbul-lib-coverage': 2.0.6
      convert-source-map: 2.0.0

  whatwg-mimetype@3.0.0: {}

  ws@8.21.0: {}
